// !$*UTF8*$!
{
	archiveVersion = 1;
	classes = {
	};
	objectVersion = 46;
	objects = {

/* Begin PBXCopyFilesBuildPhase section */
		A366EAED1E7B3F7A003B4973 /* CopyFiles */ = {
			isa = PBXCopyFilesBuildPhase;
			buildActionMask = 2147483647;
			dstPath = /usr/share/man/man1/;
			dstSubfolderSpec = 0;
			files = (
			);
			runOnlyForDeploymentPostprocessing = 1;
		};
/* End PBXCopyFilesBuildPhase section */

/* Begin PBXFileReference section */
		A366EAEF1E7B3F7A003B4973 /* extended-kalman-filter */ = {isa = PBXFileReference; explicitFileType = "compiled.mach-o.executable"; includeInIndex = 0; name = "extended-kalman-filter"; path = "/Users/Klemens/Udacity_Nano_Car/P6_ExtendedKalmanFilterProject/ide_profiles/extended-kalman-filter/build/Debug/extended-kalman-filter"; sourceTree = "<absolute>"; };
		A366EAFF1E7B4021003B4973 /* Array */ = {isa = PBXFileReference; lastKnownFileType = text; path = Array; sourceTree = "<group>"; };
		A366EB001E7B4021003B4973 /* Cholesky */ = {isa = PBXFileReference; lastKnownFileType = text; path = Cholesky; sourceTree = "<group>"; };
		A366EB011E7B4021003B4973 /* CholmodSupport */ = {isa = PBXFileReference; lastKnownFileType = text; path = CholmodSupport; sourceTree = "<group>"; };
		A366EB021E7B4021003B4973 /* CMakeLists.txt */ = {isa = PBXFileReference; lastKnownFileType = text; path = CMakeLists.txt; sourceTree = "<group>"; };
		A366EB031E7B4021003B4973 /* Core */ = {isa = PBXFileReference; lastKnownFileType = text; path = Core; sourceTree = "<group>"; };
		A366EB041E7B4021003B4973 /* Dense */ = {isa = PBXFileReference; lastKnownFileType = text; path = Dense; sourceTree = "<group>"; };
		A366EB051E7B4021003B4973 /* Eigen */ = {isa = PBXFileReference; lastKnownFileType = text; path = Eigen; sourceTree = "<group>"; };
		A366EB061E7B4021003B4973 /* Eigen2Support */ = {isa = PBXFileReference; lastKnownFileType = text; path = Eigen2Support; sourceTree = "<group>"; };
		A366EB071E7B4021003B4973 /* Eigenvalues */ = {isa = PBXFileReference; lastKnownFileType = text; path = Eigenvalues; sourceTree = "<group>"; };
		A366EB081E7B4021003B4973 /* Geometry */ = {isa = PBXFileReference; lastKnownFileType = text; path = Geometry; sourceTree = "<group>"; };
		A366EB091E7B4021003B4973 /* Householder */ = {isa = PBXFileReference; lastKnownFileType = text; path = Householder; sourceTree = "<group>"; };
		A366EB0A1E7B4021003B4973 /* IterativeLinearSolvers */ = {isa = PBXFileReference; lastKnownFileType = text; path = IterativeLinearSolvers; sourceTree = "<group>"; };
		A366EB0B1E7B4021003B4973 /* Jacobi */ = {isa = PBXFileReference; lastKnownFileType = text; path = Jacobi; sourceTree = "<group>"; };
		A366EB0C1E7B4021003B4973 /* LeastSquares */ = {isa = PBXFileReference; lastKnownFileType = text; path = LeastSquares; sourceTree = "<group>"; };
		A366EB0D1E7B4021003B4973 /* LU */ = {isa = PBXFileReference; lastKnownFileType = text; path = LU; sourceTree = "<group>"; };
		A366EB0E1E7B4021003B4973 /* MetisSupport */ = {isa = PBXFileReference; lastKnownFileType = text; path = MetisSupport; sourceTree = "<group>"; };
		A366EB0F1E7B4021003B4973 /* OrderingMethods */ = {isa = PBXFileReference; lastKnownFileType = text; path = OrderingMethods; sourceTree = "<group>"; };
		A366EB101E7B4021003B4973 /* PardisoSupport */ = {isa = PBXFileReference; lastKnownFileType = text; path = PardisoSupport; sourceTree = "<group>"; };
		A366EB111E7B4021003B4973 /* PaStiXSupport */ = {isa = PBXFileReference; lastKnownFileType = text; path = PaStiXSupport; sourceTree = "<group>"; };
		A366EB121E7B4021003B4973 /* QR */ = {isa = PBXFileReference; lastKnownFileType = text; path = QR; sourceTree = "<group>"; };
		A366EB131E7B4021003B4973 /* QtAlignedMalloc */ = {isa = PBXFileReference; lastKnownFileType = text; path = QtAlignedMalloc; sourceTree = "<group>"; };
		A366EB141E7B4021003B4973 /* Sparse */ = {isa = PBXFileReference; lastKnownFileType = text; path = Sparse; sourceTree = "<group>"; };
		A366EB151E7B4021003B4973 /* SparseCholesky */ = {isa = PBXFileReference; lastKnownFileType = text; path = SparseCholesky; sourceTree = "<group>"; };
		A366EB161E7B4021003B4973 /* SparseCore */ = {isa = PBXFileReference; lastKnownFileType = text; path = SparseCore; sourceTree = "<group>"; };
		A366EB171E7B4021003B4973 /* SparseLU */ = {isa = PBXFileReference; lastKnownFileType = text; path = SparseLU; sourceTree = "<group>"; };
		A366EB181E7B4021003B4973 /* SparseQR */ = {isa = PBXFileReference; lastKnownFileType = text; path = SparseQR; sourceTree = "<group>"; };
		A366EB191E7B4021003B4973 /* SPQRSupport */ = {isa = PBXFileReference; lastKnownFileType = text; path = SPQRSupport; sourceTree = "<group>"; };
		A366EB1C1E7B4021003B4973 /* CMakeLists.txt */ = {isa = PBXFileReference; lastKnownFileType = text; path = CMakeLists.txt; sourceTree = "<group>"; };
		A366EB1D1E7B4021003B4973 /* LDLT.h */ = {isa = PBXFileReference; lastKnownFileType = sourcecode.c.h; path = LDLT.h; sourceTree = "<group>"; };
		A366EB1E1E7B4021003B4973 /* LLT.h */ = {isa = PBXFileReference; lastKnownFileType = sourcecode.c.h; path = LLT.h; sourceTree = "<group>"; };
		A366EB1F1E7B4021003B4973 /* LLT_MKL.h */ = {isa = PBXFileReference; lastKnownFileType = sourcecode.c.h; path = LLT_MKL.h; sourceTree = "<group>"; };
		A366EB211E7B4021003B4973 /* CholmodSupport.h */ = {isa = PBXFileReference; lastKnownFileType = sourcecode.c.h; path = CholmodSupport.h; sourceTree = "<group>"; };
		A366EB221E7B4021003B4973 /* CMakeLists.txt */ = {isa = PBXFileReference; lastKnownFileType = text; path = CMakeLists.txt; sourceTree = "<group>"; };
		A366EB231E7B4021003B4973 /* CMakeLists.txt */ = {isa = PBXFileReference; lastKnownFileType = text; path = CMakeLists.txt; sourceTree = "<group>"; };
		A366EB271E7B4021003B4973 /* CMakeLists.txt */ = {isa = PBXFileReference; lastKnownFileType = text; path = CMakeLists.txt; sourceTree = "<group>"; };
		A366EB281E7B4021003B4973 /* Complex.h */ = {isa = PBXFileReference; lastKnownFileType = sourcecode.c.h; path = Complex.h; sourceTree = "<group>"; };
		A366EB291E7B4021003B4973 /* PacketMath.h */ = {isa = PBXFileReference; lastKnownFileType = sourcecode.c.h; path = PacketMath.h; sourceTree = "<group>"; };
		A366EB2A1E7B4021003B4973 /* CMakeLists.txt */ = {isa = PBXFileReference; lastKnownFileType = text; path = CMakeLists.txt; sourceTree = "<group>"; };
		A366EB2C1E7B4021003B4973 /* CMakeLists.txt */ = {isa = PBXFileReference; lastKnownFileType = text; path = CMakeLists.txt; sourceTree = "<group>"; };
		A366EB2D1E7B4021003B4973 /* Settings.h */ = {isa = PBXFileReference; lastKnownFileType = sourcecode.c.h; path = Settings.h; sourceTree = "<group>"; };
		A366EB2F1E7B4021003B4973 /* CMakeLists.txt */ = {isa = PBXFileReference; lastKnownFileType = text; path = CMakeLists.txt; sourceTree = "<group>"; };
		A366EB301E7B4021003B4973 /* Complex.h */ = {isa = PBXFileReference; lastKnownFileType = sourcecode.c.h; path = Complex.h; sourceTree = "<group>"; };
		A366EB311E7B4021003B4973 /* PacketMath.h */ = {isa = PBXFileReference; lastKnownFileType = sourcecode.c.h; path = PacketMath.h; sourceTree = "<group>"; };
		A366EB331E7B4021003B4973 /* CMakeLists.txt */ = {isa = PBXFileReference; lastKnownFileType = text; path = CMakeLists.txt; sourceTree = "<group>"; };
		A366EB341E7B4021003B4973 /* Complex.h */ = {isa = PBXFileReference; lastKnownFileType = sourcecode.c.h; path = Complex.h; sourceTree = "<group>"; };
		A366EB351E7B4021003B4973 /* MathFunctions.h */ = {isa = PBXFileReference; lastKnownFileType = sourcecode.c.h; path = MathFunctions.h; sourceTree = "<group>"; };
		A366EB361E7B4021003B4973 /* PacketMath.h */ = {isa = PBXFileReference; lastKnownFileType = sourcecode.c.h; path = PacketMath.h; sourceTree = "<group>"; };
		A366EB371E7B4021003B4973 /* Array.h */ = {isa = PBXFileReference; lastKnownFileType = sourcecode.c.h; path = Array.h; sourceTree = "<group>"; };
		A366EB381E7B4021003B4973 /* ArrayBase.h */ = {isa = PBXFileReference; lastKnownFileType = sourcecode.c.h; path = ArrayBase.h; sourceTree = "<group>"; };
		A366EB391E7B4021003B4973 /* ArrayWrapper.h */ = {isa = PBXFileReference; lastKnownFileType = sourcecode.c.h; path = ArrayWrapper.h; sourceTree = "<group>"; };
		A366EB3A1E7B4021003B4973 /* Assign.h */ = {isa = PBXFileReference; lastKnownFileType = sourcecode.c.h; path = Assign.h; sourceTree = "<group>"; };
		A366EB3B1E7B4021003B4973 /* Assign_MKL.h */ = {isa = PBXFileReference; lastKnownFileType = sourcecode.c.h; path = Assign_MKL.h; sourceTree = "<group>"; };
		A366EB3C1E7B4021003B4973 /* BandMatrix.h */ = {isa = PBXFileReference; lastKnownFileType = sourcecode.c.h; path = BandMatrix.h; sourceTree = "<group>"; };
		A366EB3D1E7B4021003B4973 /* Block.h */ = {isa = PBXFileReference; lastKnownFileType = sourcecode.c.h; path = Block.h; sourceTree = "<group>"; };
		A366EB3E1E7B4021003B4973 /* BooleanRedux.h */ = {isa = PBXFileReference; lastKnownFileType = sourcecode.c.h; path = BooleanRedux.h; sourceTree = "<group>"; };
		A366EB3F1E7B4021003B4973 /* CMakeLists.txt */ = {isa = PBXFileReference; lastKnownFileType = text; path = CMakeLists.txt; sourceTree = "<group>"; };
		A366EB401E7B4021003B4973 /* CommaInitializer.h */ = {isa = PBXFileReference; lastKnownFileType = sourcecode.c.h; path = CommaInitializer.h; sourceTree = "<group>"; };
		A366EB411E7B4021003B4973 /* CoreIterators.h */ = {isa = PBXFileReference; lastKnownFileType = sourcecode.c.h; path = CoreIterators.h; sourceTree = "<group>"; };
		A366EB421E7B4021003B4973 /* CwiseBinaryOp.h */ = {isa = PBXFileReference; lastKnownFileType = sourcecode.c.h; path = CwiseBinaryOp.h; sourceTree = "<group>"; };
		A366EB431E7B4021003B4973 /* CwiseNullaryOp.h */ = {isa = PBXFileReference; lastKnownFileType = sourcecode.c.h; path = CwiseNullaryOp.h; sourceTree = "<group>"; };
		A366EB441E7B4021003B4973 /* CwiseUnaryOp.h */ = {isa = PBXFileReference; lastKnownFileType = sourcecode.c.h; path = CwiseUnaryOp.h; sourceTree = "<group>"; };
		A366EB451E7B4021003B4973 /* CwiseUnaryView.h */ = {isa = PBXFileReference; lastKnownFileType = sourcecode.c.h; path = CwiseUnaryView.h; sourceTree = "<group>"; };
		A366EB461E7B4021003B4973 /* DenseBase.h */ = {isa = PBXFileReference; lastKnownFileType = sourcecode.c.h; path = DenseBase.h; sourceTree = "<group>"; };
		A366EB471E7B4021003B4973 /* DenseCoeffsBase.h */ = {isa = PBXFileReference; lastKnownFileType = sourcecode.c.h; path = DenseCoeffsBase.h; sourceTree = "<group>"; };
		A366EB481E7B4021003B4973 /* DenseStorage.h */ = {isa = PBXFileReference; lastKnownFileType = sourcecode.c.h; path = DenseStorage.h; sourceTree = "<group>"; };
		A366EB491E7B4021003B4973 /* Diagonal.h */ = {isa = PBXFileReference; lastKnownFileType = sourcecode.c.h; path = Diagonal.h; sourceTree = "<group>"; };
		A366EB4A1E7B4021003B4973 /* DiagonalMatrix.h */ = {isa = PBXFileReference; lastKnownFileType = sourcecode.c.h; path = DiagonalMatrix.h; sourceTree = "<group>"; };
		A366EB4B1E7B4021003B4973 /* DiagonalProduct.h */ = {isa = PBXFileReference; lastKnownFileType = sourcecode.c.h; path = DiagonalProduct.h; sourceTree = "<group>"; };
		A366EB4C1E7B4021003B4973 /* Dot.h */ = {isa = PBXFileReference; lastKnownFileType = sourcecode.c.h; path = Dot.h; sourceTree = "<group>"; };
		A366EB4D1E7B4021003B4973 /* EigenBase.h */ = {isa = PBXFileReference; lastKnownFileType = sourcecode.c.h; path = EigenBase.h; sourceTree = "<group>"; };
		A366EB4E1E7B4021003B4973 /* Flagged.h */ = {isa = PBXFileReference; lastKnownFileType = sourcecode.c.h; path = Flagged.h; sourceTree = "<group>"; };
		A366EB4F1E7B4021003B4973 /* ForceAlignedAccess.h */ = {isa = PBXFileReference; lastKnownFileType = sourcecode.c.h; path = ForceAlignedAccess.h; sourceTree = "<group>"; };
		A366EB501E7B4021003B4973 /* Functors.h */ = {isa = PBXFileReference; lastKnownFileType = sourcecode.c.h; path = Functors.h; sourceTree = "<group>"; };
		A366EB511E7B4021003B4973 /* Fuzzy.h */ = {isa = PBXFileReference; lastKnownFileType = sourcecode.c.h; path = Fuzzy.h; sourceTree = "<group>"; };
		A366EB521E7B4021003B4973 /* GeneralProduct.h */ = {isa = PBXFileReference; lastKnownFileType = sourcecode.c.h; path = GeneralProduct.h; sourceTree = "<group>"; };
		A366EB531E7B4021003B4973 /* GenericPacketMath.h */ = {isa = PBXFileReference; lastKnownFileType = sourcecode.c.h; path = GenericPacketMath.h; sourceTree = "<group>"; };
		A366EB541E7B4021003B4973 /* GlobalFunctions.h */ = {isa = PBXFileReference; lastKnownFileType = sourcecode.c.h; path = GlobalFunctions.h; sourceTree = "<group>"; };
		A366EB551E7B4021003B4973 /* IO.h */ = {isa = PBXFileReference; lastKnownFileType = sourcecode.c.h; path = IO.h; sourceTree = "<group>"; };
		A366EB561E7B4021003B4973 /* Map.h */ = {isa = PBXFileReference; lastKnownFileType = sourcecode.c.h; path = Map.h; sourceTree = "<group>"; };
		A366EB571E7B4021003B4973 /* MapBase.h */ = {isa = PBXFileReference; lastKnownFileType = sourcecode.c.h; path = MapBase.h; sourceTree = "<group>"; };
		A366EB581E7B4021003B4973 /* MathFunctions.h */ = {isa = PBXFileReference; lastKnownFileType = sourcecode.c.h; path = MathFunctions.h; sourceTree = "<group>"; };
		A366EB591E7B4021003B4973 /* Matrix.h */ = {isa = PBXFileReference; lastKnownFileType = sourcecode.c.h; path = Matrix.h; sourceTree = "<group>"; };
		A366EB5A1E7B4021003B4973 /* MatrixBase.h */ = {isa = PBXFileReference; lastKnownFileType = sourcecode.c.h; path = MatrixBase.h; sourceTree = "<group>"; };
		A366EB5B1E7B4021003B4973 /* NestByValue.h */ = {isa = PBXFileReference; lastKnownFileType = sourcecode.c.h; path = NestByValue.h; sourceTree = "<group>"; };
		A366EB5C1E7B4021003B4973 /* NoAlias.h */ = {isa = PBXFileReference; lastKnownFileType = sourcecode.c.h; path = NoAlias.h; sourceTree = "<group>"; };
		A366EB5D1E7B4021003B4973 /* NumTraits.h */ = {isa = PBXFileReference; lastKnownFileType = sourcecode.c.h; path = NumTraits.h; sourceTree = "<group>"; };
		A366EB5E1E7B4021003B4973 /* PermutationMatrix.h */ = {isa = PBXFileReference; lastKnownFileType = sourcecode.c.h; path = PermutationMatrix.h; sourceTree = "<group>"; };
		A366EB5F1E7B4021003B4973 /* PlainObjectBase.h */ = {isa = PBXFileReference; lastKnownFileType = sourcecode.c.h; path = PlainObjectBase.h; sourceTree = "<group>"; };
		A366EB601E7B4021003B4973 /* ProductBase.h */ = {isa = PBXFileReference; lastKnownFileType = sourcecode.c.h; path = ProductBase.h; sourceTree = "<group>"; };
		A366EB621E7B4021003B4973 /* CMakeLists.txt */ = {isa = PBXFileReference; lastKnownFileType = text; path = CMakeLists.txt; sourceTree = "<group>"; };
		A366EB631E7B4021003B4973 /* CoeffBasedProduct.h */ = {isa = PBXFileReference; lastKnownFileType = sourcecode.c.h; path = CoeffBasedProduct.h; sourceTree = "<group>"; };
		A366EB641E7B4021003B4973 /* GeneralBlockPanelKernel.h */ = {isa = PBXFileReference; lastKnownFileType = sourcecode.c.h; path = GeneralBlockPanelKernel.h; sourceTree = "<group>"; };
		A366EB651E7B4021003B4973 /* GeneralMatrixMatrix.h */ = {isa = PBXFileReference; lastKnownFileType = sourcecode.c.h; path = GeneralMatrixMatrix.h; sourceTree = "<group>"; };
		A366EB661E7B4021003B4973 /* GeneralMatrixMatrix_MKL.h */ = {isa = PBXFileReference; lastKnownFileType = sourcecode.c.h; path = GeneralMatrixMatrix_MKL.h; sourceTree = "<group>"; };
		A366EB671E7B4021003B4973 /* GeneralMatrixMatrixTriangular.h */ = {isa = PBXFileReference; lastKnownFileType = sourcecode.c.h; path = GeneralMatrixMatrixTriangular.h; sourceTree = "<group>"; };
		A366EB681E7B4021003B4973 /* GeneralMatrixMatrixTriangular_MKL.h */ = {isa = PBXFileReference; lastKnownFileType = sourcecode.c.h; path = GeneralMatrixMatrixTriangular_MKL.h; sourceTree = "<group>"; };
		A366EB691E7B4021003B4973 /* GeneralMatrixVector.h */ = {isa = PBXFileReference; lastKnownFileType = sourcecode.c.h; path = GeneralMatrixVector.h; sourceTree = "<group>"; };
		A366EB6A1E7B4021003B4973 /* GeneralMatrixVector_MKL.h */ = {isa = PBXFileReference; lastKnownFileType = sourcecode.c.h; path = GeneralMatrixVector_MKL.h; sourceTree = "<group>"; };
		A366EB6B1E7B4021003B4973 /* Parallelizer.h */ = {isa = PBXFileReference; lastKnownFileType = sourcecode.c.h; path = Parallelizer.h; sourceTree = "<group>"; };
		A366EB6C1E7B4021003B4973 /* SelfadjointMatrixMatrix.h */ = {isa = PBXFileReference; lastKnownFileType = sourcecode.c.h; path = SelfadjointMatrixMatrix.h; sourceTree = "<group>"; };
		A366EB6D1E7B4021003B4973 /* SelfadjointMatrixMatrix_MKL.h */ = {isa = PBXFileReference; lastKnownFileType = sourcecode.c.h; path = SelfadjointMatrixMatrix_MKL.h; sourceTree = "<group>"; };
		A366EB6E1E7B4021003B4973 /* SelfadjointMatrixVector.h */ = {isa = PBXFileReference; lastKnownFileType = sourcecode.c.h; path = SelfadjointMatrixVector.h; sourceTree = "<group>"; };
		A366EB6F1E7B4021003B4973 /* SelfadjointMatrixVector_MKL.h */ = {isa = PBXFileReference; lastKnownFileType = sourcecode.c.h; path = SelfadjointMatrixVector_MKL.h; sourceTree = "<group>"; };
		A366EB701E7B4021003B4973 /* SelfadjointProduct.h */ = {isa = PBXFileReference; lastKnownFileType = sourcecode.c.h; path = SelfadjointProduct.h; sourceTree = "<group>"; };
		A366EB711E7B4021003B4973 /* SelfadjointRank2Update.h */ = {isa = PBXFileReference; lastKnownFileType = sourcecode.c.h; path = SelfadjointRank2Update.h; sourceTree = "<group>"; };
		A366EB721E7B4021003B4973 /* TriangularMatrixMatrix.h */ = {isa = PBXFileReference; lastKnownFileType = sourcecode.c.h; path = TriangularMatrixMatrix.h; sourceTree = "<group>"; };
		A366EB731E7B4021003B4973 /* TriangularMatrixMatrix_MKL.h */ = {isa = PBXFileReference; lastKnownFileType = sourcecode.c.h; path = TriangularMatrixMatrix_MKL.h; sourceTree = "<group>"; };
		A366EB741E7B4021003B4973 /* TriangularMatrixVector.h */ = {isa = PBXFileReference; lastKnownFileType = sourcecode.c.h; path = TriangularMatrixVector.h; sourceTree = "<group>"; };
		A366EB751E7B4021003B4973 /* TriangularMatrixVector_MKL.h */ = {isa = PBXFileReference; lastKnownFileType = sourcecode.c.h; path = TriangularMatrixVector_MKL.h; sourceTree = "<group>"; };
		A366EB761E7B4021003B4973 /* TriangularSolverMatrix.h */ = {isa = PBXFileReference; lastKnownFileType = sourcecode.c.h; path = TriangularSolverMatrix.h; sourceTree = "<group>"; };
		A366EB771E7B4021003B4973 /* TriangularSolverMatrix_MKL.h */ = {isa = PBXFileReference; lastKnownFileType = sourcecode.c.h; path = TriangularSolverMatrix_MKL.h; sourceTree = "<group>"; };
		A366EB781E7B4021003B4973 /* TriangularSolverVector.h */ = {isa = PBXFileReference; lastKnownFileType = sourcecode.c.h; path = TriangularSolverVector.h; sourceTree = "<group>"; };
		A366EB791E7B4021003B4973 /* Random.h */ = {isa = PBXFileReference; lastKnownFileType = sourcecode.c.h; path = Random.h; sourceTree = "<group>"; };
		A366EB7A1E7B4021003B4973 /* Redux.h */ = {isa = PBXFileReference; lastKnownFileType = sourcecode.c.h; path = Redux.h; sourceTree = "<group>"; };
		A366EB7B1E7B4021003B4973 /* Ref.h */ = {isa = PBXFileReference; lastKnownFileType = sourcecode.c.h; path = Ref.h; sourceTree = "<group>"; };
		A366EB7C1E7B4021003B4973 /* Replicate.h */ = {isa = PBXFileReference; lastKnownFileType = sourcecode.c.h; path = Replicate.h; sourceTree = "<group>"; };
		A366EB7D1E7B4021003B4973 /* ReturnByValue.h */ = {isa = PBXFileReference; lastKnownFileType = sourcecode.c.h; path = ReturnByValue.h; sourceTree = "<group>"; };
		A366EB7E1E7B4021003B4973 /* Reverse.h */ = {isa = PBXFileReference; lastKnownFileType = sourcecode.c.h; path = Reverse.h; sourceTree = "<group>"; };
		A366EB7F1E7B4021003B4973 /* Select.h */ = {isa = PBXFileReference; lastKnownFileType = sourcecode.c.h; path = Select.h; sourceTree = "<group>"; };
		A366EB801E7B4021003B4973 /* SelfAdjointView.h */ = {isa = PBXFileReference; lastKnownFileType = sourcecode.c.h; path = SelfAdjointView.h; sourceTree = "<group>"; };
		A366EB811E7B4021003B4973 /* SelfCwiseBinaryOp.h */ = {isa = PBXFileReference; lastKnownFileType = sourcecode.c.h; path = SelfCwiseBinaryOp.h; sourceTree = "<group>"; };
		A366EB821E7B4021003B4973 /* SolveTriangular.h */ = {isa = PBXFileReference; lastKnownFileType = sourcecode.c.h; path = SolveTriangular.h; sourceTree = "<group>"; };
		A366EB831E7B4021003B4973 /* StableNorm.h */ = {isa = PBXFileReference; lastKnownFileType = sourcecode.c.h; path = StableNorm.h; sourceTree = "<group>"; };
		A366EB841E7B4021003B4973 /* Stride.h */ = {isa = PBXFileReference; lastKnownFileType = sourcecode.c.h; path = Stride.h; sourceTree = "<group>"; };
		A366EB851E7B4021003B4973 /* Swap.h */ = {isa = PBXFileReference; lastKnownFileType = sourcecode.c.h; path = Swap.h; sourceTree = "<group>"; };
		A366EB861E7B4021003B4973 /* Transpose.h */ = {isa = PBXFileReference; lastKnownFileType = sourcecode.c.h; path = Transpose.h; sourceTree = "<group>"; };
		A366EB871E7B4021003B4973 /* Transpositions.h */ = {isa = PBXFileReference; lastKnownFileType = sourcecode.c.h; path = Transpositions.h; sourceTree = "<group>"; };
		A366EB881E7B4021003B4973 /* TriangularMatrix.h */ = {isa = PBXFileReference; lastKnownFileType = sourcecode.c.h; path = TriangularMatrix.h; sourceTree = "<group>"; };
		A366EB8A1E7B4021003B4973 /* BlasUtil.h */ = {isa = PBXFileReference; lastKnownFileType = sourcecode.c.h; path = BlasUtil.h; sourceTree = "<group>"; };
		A366EB8B1E7B4021003B4973 /* CMakeLists.txt */ = {isa = PBXFileReference; lastKnownFileType = text; path = CMakeLists.txt; sourceTree = "<group>"; };
		A366EB8C1E7B4021003B4973 /* Constants.h */ = {isa = PBXFileReference; lastKnownFileType = sourcecode.c.h; path = Constants.h; sourceTree = "<group>"; };
		A366EB8D1E7B4021003B4973 /* DisableStupidWarnings.h */ = {isa = PBXFileReference; lastKnownFileType = sourcecode.c.h; path = DisableStupidWarnings.h; sourceTree = "<group>"; };
		A366EB8E1E7B4021003B4973 /* ForwardDeclarations.h */ = {isa = PBXFileReference; lastKnownFileType = sourcecode.c.h; path = ForwardDeclarations.h; sourceTree = "<group>"; };
		A366EB8F1E7B4021003B4973 /* Macros.h */ = {isa = PBXFileReference; lastKnownFileType = sourcecode.c.h; path = Macros.h; sourceTree = "<group>"; };
		A366EB901E7B4021003B4973 /* Memory.h */ = {isa = PBXFileReference; lastKnownFileType = sourcecode.c.h; path = Memory.h; sourceTree = "<group>"; };
		A366EB911E7B4021003B4973 /* Meta.h */ = {isa = PBXFileReference; lastKnownFileType = sourcecode.c.h; path = Meta.h; sourceTree = "<group>"; };
		A366EB921E7B4021003B4973 /* MKL_support.h */ = {isa = PBXFileReference; lastKnownFileType = sourcecode.c.h; path = MKL_support.h; sourceTree = "<group>"; };
		A366EB931E7B4021003B4973 /* NonMPL2.h */ = {isa = PBXFileReference; lastKnownFileType = sourcecode.c.h; path = NonMPL2.h; sourceTree = "<group>"; };
		A366EB941E7B4021003B4973 /* ReenableStupidWarnings.h */ = {isa = PBXFileReference; lastKnownFileType = sourcecode.c.h; path = ReenableStupidWarnings.h; sourceTree = "<group>"; };
		A366EB951E7B4021003B4973 /* StaticAssert.h */ = {isa = PBXFileReference; lastKnownFileType = sourcecode.c.h; path = StaticAssert.h; sourceTree = "<group>"; };
		A366EB961E7B4021003B4973 /* XprHelper.h */ = {isa = PBXFileReference; lastKnownFileType = sourcecode.c.h; path = XprHelper.h; sourceTree = "<group>"; };
		A366EB971E7B4021003B4973 /* VectorBlock.h */ = {isa = PBXFileReference; lastKnownFileType = sourcecode.c.h; path = VectorBlock.h; sourceTree = "<group>"; };
		A366EB981E7B4021003B4973 /* VectorwiseOp.h */ = {isa = PBXFileReference; lastKnownFileType = sourcecode.c.h; path = VectorwiseOp.h; sourceTree = "<group>"; };
		A366EB991E7B4021003B4973 /* Visitor.h */ = {isa = PBXFileReference; lastKnownFileType = sourcecode.c.h; path = Visitor.h; sourceTree = "<group>"; };
		A366EB9B1E7B4021003B4973 /* Block.h */ = {isa = PBXFileReference; lastKnownFileType = sourcecode.c.h; path = Block.h; sourceTree = "<group>"; };
		A366EB9C1E7B4021003B4973 /* CMakeLists.txt */ = {isa = PBXFileReference; lastKnownFileType = text; path = CMakeLists.txt; sourceTree = "<group>"; };
		A366EB9D1E7B4021003B4973 /* Cwise.h */ = {isa = PBXFileReference; lastKnownFileType = sourcecode.c.h; path = Cwise.h; sourceTree = "<group>"; };
		A366EB9E1E7B4021003B4973 /* CwiseOperators.h */ = {isa = PBXFileReference; lastKnownFileType = sourcecode.c.h; path = CwiseOperators.h; sourceTree = "<group>"; };
		A366EBA01E7B4021003B4973 /* AlignedBox.h */ = {isa = PBXFileReference; lastKnownFileType = sourcecode.c.h; path = AlignedBox.h; sourceTree = "<group>"; };
		A366EBA11E7B4021003B4973 /* All.h */ = {isa = PBXFileReference; lastKnownFileType = sourcecode.c.h; path = All.h; sourceTree = "<group>"; };
		A366EBA21E7B4021003B4973 /* AngleAxis.h */ = {isa = PBXFileReference; lastKnownFileType = sourcecode.c.h; path = AngleAxis.h; sourceTree = "<group>"; };
		A366EBA31E7B4021003B4973 /* CMakeLists.txt */ = {isa = PBXFileReference; lastKnownFileType = text; path = CMakeLists.txt; sourceTree = "<group>"; };
		A366EBA41E7B4021003B4973 /* Hyperplane.h */ = {isa = PBXFileReference; lastKnownFileType = sourcecode.c.h; path = Hyperplane.h; sourceTree = "<group>"; };
		A366EBA51E7B4021003B4973 /* ParametrizedLine.h */ = {isa = PBXFileReference; lastKnownFileType = sourcecode.c.h; path = ParametrizedLine.h; sourceTree = "<group>"; };
		A366EBA61E7B4021003B4973 /* Quaternion.h */ = {isa = PBXFileReference; lastKnownFileType = sourcecode.c.h; path = Quaternion.h; sourceTree = "<group>"; };
		A366EBA71E7B4021003B4973 /* Rotation2D.h */ = {isa = PBXFileReference; lastKnownFileType = sourcecode.c.h; path = Rotation2D.h; sourceTree = "<group>"; };
		A366EBA81E7B4021003B4973 /* RotationBase.h */ = {isa = PBXFileReference; lastKnownFileType = sourcecode.c.h; path = RotationBase.h; sourceTree = "<group>"; };
		A366EBA91E7B4021003B4973 /* Scaling.h */ = {isa = PBXFileReference; lastKnownFileType = sourcecode.c.h; path = Scaling.h; sourceTree = "<group>"; };
		A366EBAA1E7B4021003B4973 /* Transform.h */ = {isa = PBXFileReference; lastKnownFileType = sourcecode.c.h; path = Transform.h; sourceTree = "<group>"; };
		A366EBAB1E7B4021003B4973 /* Translation.h */ = {isa = PBXFileReference; lastKnownFileType = sourcecode.c.h; path = Translation.h; sourceTree = "<group>"; };
		A366EBAC1E7B4021003B4973 /* Lazy.h */ = {isa = PBXFileReference; lastKnownFileType = sourcecode.c.h; path = Lazy.h; sourceTree = "<group>"; };
		A366EBAD1E7B4021003B4973 /* LeastSquares.h */ = {isa = PBXFileReference; lastKnownFileType = sourcecode.c.h; path = LeastSquares.h; sourceTree = "<group>"; };
		A366EBAE1E7B4021003B4973 /* LU.h */ = {isa = PBXFileReference; lastKnownFileType = sourcecode.c.h; path = LU.h; sourceTree = "<group>"; };
		A366EBAF1E7B4021003B4973 /* Macros.h */ = {isa = PBXFileReference; lastKnownFileType = sourcecode.c.h; path = Macros.h; sourceTree = "<group>"; };
		A366EBB01E7B4021003B4973 /* MathFunctions.h */ = {isa = PBXFileReference; lastKnownFileType = sourcecode.c.h; path = MathFunctions.h; sourceTree = "<group>"; };
		A366EBB11E7B4021003B4973 /* Memory.h */ = {isa = PBXFileReference; lastKnownFileType = sourcecode.c.h; path = Memory.h; sourceTree = "<group>"; };
		A366EBB21E7B4021003B4973 /* Meta.h */ = {isa = PBXFileReference; lastKnownFileType = sourcecode.c.h; path = Meta.h; sourceTree = "<group>"; };
		A366EBB31E7B4021003B4973 /* Minor.h */ = {isa = PBXFileReference; lastKnownFileType = sourcecode.c.h; path = Minor.h; sourceTree = "<group>"; };
		A366EBB41E7B4021003B4973 /* QR.h */ = {isa = PBXFileReference; lastKnownFileType = sourcecode.c.h; path = QR.h; sourceTree = "<group>"; };
		A366EBB51E7B4021003B4973 /* SVD.h */ = {isa = PBXFileReference; lastKnownFileType = sourcecode.c.h; path = SVD.h; sourceTree = "<group>"; };
		A366EBB61E7B4021003B4973 /* TriangularSolver.h */ = {isa = PBXFileReference; lastKnownFileType = sourcecode.c.h; path = TriangularSolver.h; sourceTree = "<group>"; };
		A366EBB71E7B4021003B4973 /* VectorBlock.h */ = {isa = PBXFileReference; lastKnownFileType = sourcecode.c.h; path = VectorBlock.h; sourceTree = "<group>"; };
		A366EBB91E7B4021003B4973 /* CMakeLists.txt */ = {isa = PBXFileReference; lastKnownFileType = text; path = CMakeLists.txt; sourceTree = "<group>"; };
		A366EBBA1E7B4021003B4973 /* ComplexEigenSolver.h */ = {isa = PBXFileReference; lastKnownFileType = sourcecode.c.h; path = ComplexEigenSolver.h; sourceTree = "<group>"; };
		A366EBBB1E7B4021003B4973 /* ComplexSchur.h */ = {isa = PBXFileReference; lastKnownFileType = sourcecode.c.h; path = ComplexSchur.h; sourceTree = "<group>"; };
		A366EBBC1E7B4021003B4973 /* ComplexSchur_MKL.h */ = {isa = PBXFileReference; lastKnownFileType = sourcecode.c.h; path = ComplexSchur_MKL.h; sourceTree = "<group>"; };
		A366EBBD1E7B4021003B4973 /* EigenSolver.h */ = {isa = PBXFileReference; lastKnownFileType = sourcecode.c.h; path = EigenSolver.h; sourceTree = "<group>"; };
		A366EBBE1E7B4021003B4973 /* GeneralizedEigenSolver.h */ = {isa = PBXFileReference; lastKnownFileType = sourcecode.c.h; path = GeneralizedEigenSolver.h; sourceTree = "<group>"; };
		A366EBBF1E7B4021003B4973 /* GeneralizedSelfAdjointEigenSolver.h */ = {isa = PBXFileReference; lastKnownFileType = sourcecode.c.h; path = GeneralizedSelfAdjointEigenSolver.h; sourceTree = "<group>"; };
		A366EBC01E7B4021003B4973 /* HessenbergDecomposition.h */ = {isa = PBXFileReference; lastKnownFileType = sourcecode.c.h; path = HessenbergDecomposition.h; sourceTree = "<group>"; };
		A366EBC11E7B4021003B4973 /* MatrixBaseEigenvalues.h */ = {isa = PBXFileReference; lastKnownFileType = sourcecode.c.h; path = MatrixBaseEigenvalues.h; sourceTree = "<group>"; };
		A366EBC21E7B4021003B4973 /* RealQZ.h */ = {isa = PBXFileReference; lastKnownFileType = sourcecode.c.h; path = RealQZ.h; sourceTree = "<group>"; };
		A366EBC31E7B4021003B4973 /* RealSchur.h */ = {isa = PBXFileReference; lastKnownFileType = sourcecode.c.h; path = RealSchur.h; sourceTree = "<group>"; };
		A366EBC41E7B4021003B4973 /* RealSchur_MKL.h */ = {isa = PBXFileReference; lastKnownFileType = sourcecode.c.h; path = RealSchur_MKL.h; sourceTree = "<group>"; };
		A366EBC51E7B4021003B4973 /* SelfAdjointEigenSolver.h */ = {isa = PBXFileReference; lastKnownFileType = sourcecode.c.h; path = SelfAdjointEigenSolver.h; sourceTree = "<group>"; };
		A366EBC61E7B4021003B4973 /* SelfAdjointEigenSolver_MKL.h */ = {isa = PBXFileReference; lastKnownFileType = sourcecode.c.h; path = SelfAdjointEigenSolver_MKL.h; sourceTree = "<group>"; };
		A366EBC71E7B4021003B4973 /* Tridiagonalization.h */ = {isa = PBXFileReference; lastKnownFileType = sourcecode.c.h; path = Tridiagonalization.h; sourceTree = "<group>"; };
		A366EBC91E7B4021003B4973 /* AlignedBox.h */ = {isa = PBXFileReference; lastKnownFileType = sourcecode.c.h; path = AlignedBox.h; sourceTree = "<group>"; };
		A366EBCA1E7B4021003B4973 /* AngleAxis.h */ = {isa = PBXFileReference; lastKnownFileType = sourcecode.c.h; path = AngleAxis.h; sourceTree = "<group>"; };
		A366EBCC1E7B4021003B4973 /* CMakeLists.txt */ = {isa = PBXFileReference; lastKnownFileType = text; path = CMakeLists.txt; sourceTree = "<group>"; };
		A366EBCD1E7B4021003B4973 /* Geometry_SSE.h */ = {isa = PBXFileReference; lastKnownFileType = sourcecode.c.h; path = Geometry_SSE.h; sourceTree = "<group>"; };
		A366EBCE1E7B4021003B4973 /* CMakeLists.txt */ = {isa = PBXFileReference; lastKnownFileType = text; path = CMakeLists.txt; sourceTree = "<group>"; };
		A366EBCF1E7B4021003B4973 /* EulerAngles.h */ = {isa = PBXFileReference; lastKnownFileType = sourcecode.c.h; path = EulerAngles.h; sourceTree = "<group>"; };
		A366EBD01E7B4021003B4973 /* Homogeneous.h */ = {isa = PBXFileReference; lastKnownFileType = sourcecode.c.h; path = Homogeneous.h; sourceTree = "<group>"; };
		A366EBD11E7B4021003B4973 /* Hyperplane.h */ = {isa = PBXFileReference; lastKnownFileType = sourcecode.c.h; path = Hyperplane.h; sourceTree = "<group>"; };
		A366EBD21E7B4021003B4973 /* OrthoMethods.h */ = {isa = PBXFileReference; lastKnownFileType = sourcecode.c.h; path = OrthoMethods.h; sourceTree = "<group>"; };
		A366EBD31E7B4021003B4973 /* ParametrizedLine.h */ = {isa = PBXFileReference; lastKnownFileType = sourcecode.c.h; path = ParametrizedLine.h; sourceTree = "<group>"; };
		A366EBD41E7B4021003B4973 /* Quaternion.h */ = {isa = PBXFileReference; lastKnownFileType = sourcecode.c.h; path = Quaternion.h; sourceTree = "<group>"; };
		A366EBD51E7B4021003B4973 /* Rotation2D.h */ = {isa = PBXFileReference; lastKnownFileType = sourcecode.c.h; path = Rotation2D.h; sourceTree = "<group>"; };
		A366EBD61E7B4021003B4973 /* RotationBase.h */ = {isa = PBXFileReference; lastKnownFileType = sourcecode.c.h; path = RotationBase.h; sourceTree = "<group>"; };
		A366EBD71E7B4021003B4973 /* Scaling.h */ = {isa = PBXFileReference; lastKnownFileType = sourcecode.c.h; path = Scaling.h; sourceTree = "<group>"; };
		A366EBD81E7B4021003B4973 /* Transform.h */ = {isa = PBXFileReference; lastKnownFileType = sourcecode.c.h; path = Transform.h; sourceTree = "<group>"; };
		A366EBD91E7B4021003B4973 /* Translation.h */ = {isa = PBXFileReference; lastKnownFileType = sourcecode.c.h; path = Translation.h; sourceTree = "<group>"; };
		A366EBDA1E7B4021003B4973 /* Umeyama.h */ = {isa = PBXFileReference; lastKnownFileType = sourcecode.c.h; path = Umeyama.h; sourceTree = "<group>"; };
		A366EBDC1E7B4021003B4973 /* BlockHouseholder.h */ = {isa = PBXFileReference; lastKnownFileType = sourcecode.c.h; path = BlockHouseholder.h; sourceTree = "<group>"; };
		A366EBDD1E7B4021003B4973 /* CMakeLists.txt */ = {isa = PBXFileReference; lastKnownFileType = text; path = CMakeLists.txt; sourceTree = "<group>"; };
		A366EBDE1E7B4021003B4973 /* Householder.h */ = {isa = PBXFileReference; lastKnownFileType = sourcecode.c.h; path = Householder.h; sourceTree = "<group>"; };
		A366EBDF1E7B4021003B4973 /* HouseholderSequence.h */ = {isa = PBXFileReference; lastKnownFileType = sourcecode.c.h; path = HouseholderSequence.h; sourceTree = "<group>"; };
		A366EBE11E7B4021003B4973 /* BasicPreconditioners.h */ = {isa = PBXFileReference; lastKnownFileType = sourcecode.c.h; path = BasicPreconditioners.h; sourceTree = "<group>"; };
		A366EBE21E7B4021003B4973 /* BiCGSTAB.h */ = {isa = PBXFileReference; lastKnownFileType = sourcecode.c.h; path = BiCGSTAB.h; sourceTree = "<group>"; };
		A366EBE31E7B4021003B4973 /* CMakeLists.txt */ = {isa = PBXFileReference; lastKnownFileType = text; path = CMakeLists.txt; sourceTree = "<group>"; };
		A366EBE41E7B4021003B4973 /* ConjugateGradient.h */ = {isa = PBXFileReference; lastKnownFileType = sourcecode.c.h; path = ConjugateGradient.h; sourceTree = "<group>"; };
		A366EBE51E7B4021003B4973 /* IncompleteLUT.h */ = {isa = PBXFileReference; lastKnownFileType = sourcecode.c.h; path = IncompleteLUT.h; sourceTree = "<group>"; };
		A366EBE61E7B4021003B4973 /* IterativeSolverBase.h */ = {isa = PBXFileReference; lastKnownFileType = sourcecode.c.h; path = IterativeSolverBase.h; sourceTree = "<group>"; };
		A366EBE81E7B4021003B4973 /* CMakeLists.txt */ = {isa = PBXFileReference; lastKnownFileType = text; path = CMakeLists.txt; sourceTree = "<group>"; };
		A366EBE91E7B4021003B4973 /* Jacobi.h */ = {isa = PBXFileReference; lastKnownFileType = sourcecode.c.h; path = Jacobi.h; sourceTree = "<group>"; };
		A366EBEC1E7B4021003B4973 /* CMakeLists.txt */ = {isa = PBXFileReference; lastKnownFileType = text; path = CMakeLists.txt; sourceTree = "<group>"; };
		A366EBED1E7B4021003B4973 /* Inverse_SSE.h */ = {isa = PBXFileReference; lastKnownFileType = sourcecode.c.h; path = Inverse_SSE.h; sourceTree = "<group>"; };
		A366EBEE1E7B4021003B4973 /* CMakeLists.txt */ = {isa = PBXFileReference; lastKnownFileType = text; path = CMakeLists.txt; sourceTree = "<group>"; };
		A366EBEF1E7B4021003B4973 /* Determinant.h */ = {isa = PBXFileReference; lastKnownFileType = sourcecode.c.h; path = Determinant.h; sourceTree = "<group>"; };
		A366EBF01E7B4021003B4973 /* FullPivLU.h */ = {isa = PBXFileReference; lastKnownFileType = sourcecode.c.h; path = FullPivLU.h; sourceTree = "<group>"; };
		A366EBF11E7B4021003B4973 /* Inverse.h */ = {isa = PBXFileReference; lastKnownFileType = sourcecode.c.h; path = Inverse.h; sourceTree = "<group>"; };
		A366EBF21E7B4021003B4973 /* PartialPivLU.h */ = {isa = PBXFileReference; lastKnownFileType = sourcecode.c.h; path = PartialPivLU.h; sourceTree = "<group>"; };
		A366EBF31E7B4021003B4973 /* PartialPivLU_MKL.h */ = {isa = PBXFileReference; lastKnownFileType = sourcecode.c.h; path = PartialPivLU_MKL.h; sourceTree = "<group>"; };
		A366EBF51E7B4021003B4973 /* CMakeLists.txt */ = {isa = PBXFileReference; lastKnownFileType = text; path = CMakeLists.txt; sourceTree = "<group>"; };
		A366EBF61E7B4021003B4973 /* MetisSupport.h */ = {isa = PBXFileReference; lastKnownFileType = sourcecode.c.h; path = MetisSupport.h; sourceTree = "<group>"; };
		A366EBF81E7B4021003B4973 /* blas.h */ = {isa = PBXFileReference; lastKnownFileType = sourcecode.c.h; path = blas.h; sourceTree = "<group>"; };
		A366EBF91E7B4021003B4973 /* CMakeLists.txt */ = {isa = PBXFileReference; lastKnownFileType = text; path = CMakeLists.txt; sourceTree = "<group>"; };
		A366EBFA1E7B4021003B4973 /* Image.h */ = {isa = PBXFileReference; lastKnownFileType = sourcecode.c.h; path = Image.h; sourceTree = "<group>"; };
		A366EBFB1E7B4021003B4973 /* Kernel.h */ = {isa = PBXFileReference; lastKnownFileType = sourcecode.c.h; path = Kernel.h; sourceTree = "<group>"; };
		A366EBFC1E7B4021003B4973 /* Solve.h */ = {isa = PBXFileReference; lastKnownFileType = sourcecode.c.h; path = Solve.h; sourceTree = "<group>"; };
		A366EBFD1E7B4021003B4973 /* SparseSolve.h */ = {isa = PBXFileReference; lastKnownFileType = sourcecode.c.h; path = SparseSolve.h; sourceTree = "<group>"; };
		A366EBFF1E7B4021003B4973 /* Amd.h */ = {isa = PBXFileReference; lastKnownFileType = sourcecode.c.h; path = Amd.h; sourceTree = "<group>"; };
		A366EC001E7B4021003B4973 /* CMakeLists.txt */ = {isa = PBXFileReference; lastKnownFileType = text; path = CMakeLists.txt; sourceTree = "<group>"; };
		A366EC011E7B4021003B4973 /* Eigen_Colamd.h */ = {isa = PBXFileReference; lastKnownFileType = sourcecode.c.h; path = Eigen_Colamd.h; sourceTree = "<group>"; };
		A366EC021E7B4021003B4973 /* Ordering.h */ = {isa = PBXFileReference; lastKnownFileType = sourcecode.c.h; path = Ordering.h; sourceTree = "<group>"; };
		A366EC041E7B4021003B4973 /* CMakeLists.txt */ = {isa = PBXFileReference; lastKnownFileType = text; path = CMakeLists.txt; sourceTree = "<group>"; };
		A366EC051E7B4021003B4973 /* PardisoSupport.h */ = {isa = PBXFileReference; lastKnownFileType = sourcecode.c.h; path = PardisoSupport.h; sourceTree = "<group>"; };
		A366EC071E7B4021003B4973 /* CMakeLists.txt */ = {isa = PBXFileReference; lastKnownFileType = text; path = CMakeLists.txt; sourceTree = "<group>"; };
		A366EC081E7B4021003B4973 /* PaStiXSupport.h */ = {isa = PBXFileReference; lastKnownFileType = sourcecode.c.h; path = PaStiXSupport.h; sourceTree = "<group>"; };
		A366EC0A1E7B4021003B4973 /* ArrayCwiseBinaryOps.h */ = {isa = PBXFileReference; lastKnownFileType = sourcecode.c.h; path = ArrayCwiseBinaryOps.h; sourceTree = "<group>"; };
		A366EC0B1E7B4021003B4973 /* ArrayCwiseUnaryOps.h */ = {isa = PBXFileReference; lastKnownFileType = sourcecode.c.h; path = ArrayCwiseUnaryOps.h; sourceTree = "<group>"; };
		A366EC0C1E7B4021003B4973 /* BlockMethods.h */ = {isa = PBXFileReference; lastKnownFileType = sourcecode.c.h; path = BlockMethods.h; sourceTree = "<group>"; };
		A366EC0D1E7B4021003B4973 /* CMakeLists.txt */ = {isa = PBXFileReference; lastKnownFileType = text; path = CMakeLists.txt; sourceTree = "<group>"; };
		A366EC0E1E7B4021003B4973 /* CommonCwiseBinaryOps.h */ = {isa = PBXFileReference; lastKnownFileType = sourcecode.c.h; path = CommonCwiseBinaryOps.h; sourceTree = "<group>"; };
		A366EC0F1E7B4021003B4973 /* CommonCwiseUnaryOps.h */ = {isa = PBXFileReference; lastKnownFileType = sourcecode.c.h; path = CommonCwiseUnaryOps.h; sourceTree = "<group>"; };
		A366EC101E7B4021003B4973 /* MatrixCwiseBinaryOps.h */ = {isa = PBXFileReference; lastKnownFileType = sourcecode.c.h; path = MatrixCwiseBinaryOps.h; sourceTree = "<group>"; };
		A366EC111E7B4021003B4973 /* MatrixCwiseUnaryOps.h */ = {isa = PBXFileReference; lastKnownFileType = sourcecode.c.h; path = MatrixCwiseUnaryOps.h; sourceTree = "<group>"; };
		A366EC131E7B4021003B4973 /* CMakeLists.txt */ = {isa = PBXFileReference; lastKnownFileType = text; path = CMakeLists.txt; sourceTree = "<group>"; };
		A366EC141E7B4021003B4973 /* ColPivHouseholderQR.h */ = {isa = PBXFileReference; lastKnownFileType = sourcecode.c.h; path = ColPivHouseholderQR.h; sourceTree = "<group>"; };
		A366EC151E7B4021003B4973 /* ColPivHouseholderQR_MKL.h */ = {isa = PBXFileReference; lastKnownFileType = sourcecode.c.h; path = ColPivHouseholderQR_MKL.h; sourceTree = "<group>"; };
		A366EC161E7B4021003B4973 /* FullPivHouseholderQR.h */ = {isa = PBXFileReference; lastKnownFileType = sourcecode.c.h; path = FullPivHouseholderQR.h; sourceTree = "<group>"; };
		A366EC171E7B4021003B4973 /* HouseholderQR.h */ = {isa = PBXFileReference; lastKnownFileType = sourcecode.c.h; path = HouseholderQR.h; sourceTree = "<group>"; };
		A366EC181E7B4021003B4973 /* HouseholderQR_MKL.h */ = {isa = PBXFileReference; lastKnownFileType = sourcecode.c.h; path = HouseholderQR_MKL.h; sourceTree = "<group>"; };
		A366EC1A1E7B4021003B4973 /* CMakeLists.txt */ = {isa = PBXFileReference; lastKnownFileType = text; path = CMakeLists.txt; sourceTree = "<group>"; };
		A366EC1B1E7B4021003B4973 /* SimplicialCholesky.h */ = {isa = PBXFileReference; lastKnownFileType = sourcecode.c.h; path = SimplicialCholesky.h; sourceTree = "<group>"; };
		A366EC1C1E7B4021003B4973 /* SimplicialCholesky_impl.h */ = {isa = PBXFileReference; lastKnownFileType = sourcecode.c.h; path = SimplicialCholesky_impl.h; sourceTree = "<group>"; };
		A366EC1E1E7B4021003B4973 /* AmbiVector.h */ = {isa = PBXFileReference; lastKnownFileType = sourcecode.c.h; path = AmbiVector.h; sourceTree = "<group>"; };
		A366EC1F1E7B4021003B4973 /* CMakeLists.txt */ = {isa = PBXFileReference; lastKnownFileType = text; path = CMakeLists.txt; sourceTree = "<group>"; };
		A366EC201E7B4021003B4973 /* CompressedStorage.h */ = {isa = PBXFileReference; lastKnownFileType = sourcecode.c.h; path = CompressedStorage.h; sourceTree = "<group>"; };
		A366EC211E7B4021003B4973 /* ConservativeSparseSparseProduct.h */ = {isa = PBXFileReference; lastKnownFileType = sourcecode.c.h; path = ConservativeSparseSparseProduct.h; sourceTree = "<group>"; };
		A366EC221E7B4021003B4973 /* MappedSparseMatrix.h */ = {isa = PBXFileReference; lastKnownFileType = sourcecode.c.h; path = MappedSparseMatrix.h; sourceTree = "<group>"; };
		A366EC231E7B4021003B4973 /* SparseBlock.h */ = {isa = PBXFileReference; lastKnownFileType = sourcecode.c.h; path = SparseBlock.h; sourceTree = "<group>"; };
		A366EC241E7B4021003B4973 /* SparseColEtree.h */ = {isa = PBXFileReference; lastKnownFileType = sourcecode.c.h; path = SparseColEtree.h; sourceTree = "<group>"; };
		A366EC251E7B4021003B4973 /* SparseCwiseBinaryOp.h */ = {isa = PBXFileReference; lastKnownFileType = sourcecode.c.h; path = SparseCwiseBinaryOp.h; sourceTree = "<group>"; };
		A366EC261E7B4021003B4973 /* SparseCwiseUnaryOp.h */ = {isa = PBXFileReference; lastKnownFileType = sourcecode.c.h; path = SparseCwiseUnaryOp.h; sourceTree = "<group>"; };
		A366EC271E7B4021003B4973 /* SparseDenseProduct.h */ = {isa = PBXFileReference; lastKnownFileType = sourcecode.c.h; path = SparseDenseProduct.h; sourceTree = "<group>"; };
		A366EC281E7B4021003B4973 /* SparseDiagonalProduct.h */ = {isa = PBXFileReference; lastKnownFileType = sourcecode.c.h; path = SparseDiagonalProduct.h; sourceTree = "<group>"; };
		A366EC291E7B4021003B4973 /* SparseDot.h */ = {isa = PBXFileReference; lastKnownFileType = sourcecode.c.h; path = SparseDot.h; sourceTree = "<group>"; };
		A366EC2A1E7B4021003B4973 /* SparseFuzzy.h */ = {isa = PBXFileReference; lastKnownFileType = sourcecode.c.h; path = SparseFuzzy.h; sourceTree = "<group>"; };
		A366EC2B1E7B4021003B4973 /* SparseMatrix.h */ = {isa = PBXFileReference; lastKnownFileType = sourcecode.c.h; path = SparseMatrix.h; sourceTree = "<group>"; };
		A366EC2C1E7B4021003B4973 /* SparseMatrixBase.h */ = {isa = PBXFileReference; lastKnownFileType = sourcecode.c.h; path = SparseMatrixBase.h; sourceTree = "<group>"; };
		A366EC2D1E7B4021003B4973 /* SparsePermutation.h */ = {isa = PBXFileReference; lastKnownFileType = sourcecode.c.h; path = SparsePermutation.h; sourceTree = "<group>"; };
		A366EC2E1E7B4021003B4973 /* SparseProduct.h */ = {isa = PBXFileReference; lastKnownFileType = sourcecode.c.h; path = SparseProduct.h; sourceTree = "<group>"; };
		A366EC2F1E7B4021003B4973 /* SparseRedux.h */ = {isa = PBXFileReference; lastKnownFileType = sourcecode.c.h; path = SparseRedux.h; sourceTree = "<group>"; };
		A366EC301E7B4021003B4973 /* SparseSelfAdjointView.h */ = {isa = PBXFileReference; lastKnownFileType = sourcecode.c.h; path = SparseSelfAdjointView.h; sourceTree = "<group>"; };
		A366EC311E7B4021003B4973 /* SparseSparseProductWithPruning.h */ = {isa = PBXFileReference; lastKnownFileType = sourcecode.c.h; path = SparseSparseProductWithPruning.h; sourceTree = "<group>"; };
		A366EC321E7B4021003B4973 /* SparseTranspose.h */ = {isa = PBXFileReference; lastKnownFileType = sourcecode.c.h; path = SparseTranspose.h; sourceTree = "<group>"; };
		A366EC331E7B4021003B4973 /* SparseTriangularView.h */ = {isa = PBXFileReference; lastKnownFileType = sourcecode.c.h; path = SparseTriangularView.h; sourceTree = "<group>"; };
		A366EC341E7B4021003B4973 /* SparseUtil.h */ = {isa = PBXFileReference; lastKnownFileType = sourcecode.c.h; path = SparseUtil.h; sourceTree = "<group>"; };
		A366EC351E7B4021003B4973 /* SparseVector.h */ = {isa = PBXFileReference; lastKnownFileType = sourcecode.c.h; path = SparseVector.h; sourceTree = "<group>"; };
		A366EC361E7B4021003B4973 /* SparseView.h */ = {isa = PBXFileReference; lastKnownFileType = sourcecode.c.h; path = SparseView.h; sourceTree = "<group>"; };
		A366EC371E7B4021003B4973 /* TriangularSolver.h */ = {isa = PBXFileReference; lastKnownFileType = sourcecode.c.h; path = TriangularSolver.h; sourceTree = "<group>"; };
		A366EC391E7B4021003B4973 /* CMakeLists.txt */ = {isa = PBXFileReference; lastKnownFileType = text; path = CMakeLists.txt; sourceTree = "<group>"; };
		A366EC3A1E7B4021003B4973 /* SparseLU.h */ = {isa = PBXFileReference; lastKnownFileType = sourcecode.c.h; path = SparseLU.h; sourceTree = "<group>"; };
		A366EC3B1E7B4021003B4973 /* SparseLU_column_bmod.h */ = {isa = PBXFileReference; lastKnownFileType = sourcecode.c.h; path = SparseLU_column_bmod.h; sourceTree = "<group>"; };
		A366EC3C1E7B4021003B4973 /* SparseLU_column_dfs.h */ = {isa = PBXFileReference; lastKnownFileType = sourcecode.c.h; path = SparseLU_column_dfs.h; sourceTree = "<group>"; };
		A366EC3D1E7B4021003B4973 /* SparseLU_copy_to_ucol.h */ = {isa = PBXFileReference; lastKnownFileType = sourcecode.c.h; path = SparseLU_copy_to_ucol.h; sourceTree = "<group>"; };
		A366EC3E1E7B4021003B4973 /* SparseLU_gemm_kernel.h */ = {isa = PBXFileReference; lastKnownFileType = sourcecode.c.h; path = SparseLU_gemm_kernel.h; sourceTree = "<group>"; };
		A366EC3F1E7B4021003B4973 /* SparseLU_heap_relax_snode.h */ = {isa = PBXFileReference; lastKnownFileType = sourcecode.c.h; path = SparseLU_heap_relax_snode.h; sourceTree = "<group>"; };
		A366EC401E7B4021003B4973 /* SparseLU_kernel_bmod.h */ = {isa = PBXFileReference; lastKnownFileType = sourcecode.c.h; path = SparseLU_kernel_bmod.h; sourceTree = "<group>"; };
		A366EC411E7B4021003B4973 /* SparseLU_Memory.h */ = {isa = PBXFileReference; lastKnownFileType = sourcecode.c.h; path = SparseLU_Memory.h; sourceTree = "<group>"; };
		A366EC421E7B4021003B4973 /* SparseLU_panel_bmod.h */ = {isa = PBXFileReference; lastKnownFileType = sourcecode.c.h; path = SparseLU_panel_bmod.h; sourceTree = "<group>"; };
		A366EC431E7B4021003B4973 /* SparseLU_panel_dfs.h */ = {isa = PBXFileReference; lastKnownFileType = sourcecode.c.h; path = SparseLU_panel_dfs.h; sourceTree = "<group>"; };
		A366EC441E7B4021003B4973 /* SparseLU_pivotL.h */ = {isa = PBXFileReference; lastKnownFileType = sourcecode.c.h; path = SparseLU_pivotL.h; sourceTree = "<group>"; };
		A366EC451E7B4021003B4973 /* SparseLU_pruneL.h */ = {isa = PBXFileReference; lastKnownFileType = sourcecode.c.h; path = SparseLU_pruneL.h; sourceTree = "<group>"; };
		A366EC461E7B4021003B4973 /* SparseLU_relax_snode.h */ = {isa = PBXFileReference; lastKnownFileType = sourcecode.c.h; path = SparseLU_relax_snode.h; sourceTree = "<group>"; };
		A366EC471E7B4021003B4973 /* SparseLU_Structs.h */ = {isa = PBXFileReference; lastKnownFileType = sourcecode.c.h; path = SparseLU_Structs.h; sourceTree = "<group>"; };
		A366EC481E7B4021003B4973 /* SparseLU_SupernodalMatrix.h */ = {isa = PBXFileReference; lastKnownFileType = sourcecode.c.h; path = SparseLU_SupernodalMatrix.h; sourceTree = "<group>"; };
		A366EC491E7B4021003B4973 /* SparseLU_Utils.h */ = {isa = PBXFileReference; lastKnownFileType = sourcecode.c.h; path = SparseLU_Utils.h; sourceTree = "<group>"; };
		A366EC4A1E7B4021003B4973 /* SparseLUImpl.h */ = {isa = PBXFileReference; lastKnownFileType = sourcecode.c.h; path = SparseLUImpl.h; sourceTree = "<group>"; };
		A366EC4C1E7B4021003B4973 /* CMakeLists.txt */ = {isa = PBXFileReference; lastKnownFileType = text; path = CMakeLists.txt; sourceTree = "<group>"; };
		A366EC4D1E7B4021003B4973 /* SparseQR.h */ = {isa = PBXFileReference; lastKnownFileType = sourcecode.c.h; path = SparseQR.h; sourceTree = "<group>"; };
		A366EC4F1E7B4021003B4973 /* CMakeLists.txt */ = {isa = PBXFileReference; lastKnownFileType = text; path = CMakeLists.txt; sourceTree = "<group>"; };
		A366EC501E7B4021003B4973 /* SuiteSparseQRSupport.h */ = {isa = PBXFileReference; lastKnownFileType = sourcecode.c.h; path = SuiteSparseQRSupport.h; sourceTree = "<group>"; };
		A366EC521E7B4021003B4973 /* CMakeLists.txt */ = {isa = PBXFileReference; lastKnownFileType = text; path = CMakeLists.txt; sourceTree = "<group>"; };
		A366EC531E7B4021003B4973 /* details.h */ = {isa = PBXFileReference; lastKnownFileType = sourcecode.c.h; path = details.h; sourceTree = "<group>"; };
		A366EC541E7B4021003B4973 /* StdDeque.h */ = {isa = PBXFileReference; lastKnownFileType = sourcecode.c.h; path = StdDeque.h; sourceTree = "<group>"; };
		A366EC551E7B4021003B4973 /* StdList.h */ = {isa = PBXFileReference; lastKnownFileType = sourcecode.c.h; path = StdList.h; sourceTree = "<group>"; };
		A366EC561E7B4021003B4973 /* StdVector.h */ = {isa = PBXFileReference; lastKnownFileType = sourcecode.c.h; path = StdVector.h; sourceTree = "<group>"; };
		A366EC581E7B4021003B4973 /* CMakeLists.txt */ = {isa = PBXFileReference; lastKnownFileType = text; path = CMakeLists.txt; sourceTree = "<group>"; };
		A366EC591E7B4021003B4973 /* SuperLUSupport.h */ = {isa = PBXFileReference; lastKnownFileType = sourcecode.c.h; path = SuperLUSupport.h; sourceTree = "<group>"; };
		A366EC5B1E7B4021003B4973 /* CMakeLists.txt */ = {isa = PBXFileReference; lastKnownFileType = text; path = CMakeLists.txt; sourceTree = "<group>"; };
		A366EC5C1E7B4021003B4973 /* JacobiSVD.h */ = {isa = PBXFileReference; lastKnownFileType = sourcecode.c.h; path = JacobiSVD.h; sourceTree = "<group>"; };
		A366EC5D1E7B4021003B4973 /* JacobiSVD_MKL.h */ = {isa = PBXFileReference; lastKnownFileType = sourcecode.c.h; path = JacobiSVD_MKL.h; sourceTree = "<group>"; };
		A366EC5E1E7B4021003B4973 /* UpperBidiagonalization.h */ = {isa = PBXFileReference; lastKnownFileType = sourcecode.c.h; path = UpperBidiagonalization.h; sourceTree = "<group>"; };
		A366EC601E7B4021003B4973 /* CMakeLists.txt */ = {isa = PBXFileReference; lastKnownFileType = text; path = CMakeLists.txt; sourceTree = "<group>"; };
		A366EC611E7B4021003B4973 /* UmfPackSupport.h */ = {isa = PBXFileReference; lastKnownFileType = sourcecode.c.h; path = UmfPackSupport.h; sourceTree = "<group>"; };
		A366EC621E7B4021003B4973 /* StdDeque */ = {isa = PBXFileReference; lastKnownFileType = text; path = StdDeque; sourceTree = "<group>"; };
		A366EC631E7B4021003B4973 /* StdList */ = {isa = PBXFileReference; lastKnownFileType = text; path = StdList; sourceTree = "<group>"; };
		A366EC641E7B4021003B4973 /* StdVector */ = {isa = PBXFileReference; lastKnownFileType = text; path = StdVector; sourceTree = "<group>"; };
		A366EC651E7B4021003B4973 /* SuperLUSupport */ = {isa = PBXFileReference; lastKnownFileType = text; path = SuperLUSupport; sourceTree = "<group>"; };
		A366EC661E7B4021003B4973 /* SVD */ = {isa = PBXFileReference; lastKnownFileType = text; path = SVD; sourceTree = "<group>"; };
		A366EC671E7B4021003B4973 /* UmfPackSupport */ = {isa = PBXFileReference; lastKnownFileType = text; path = UmfPackSupport; sourceTree = "<group>"; };
		A366EC681E7B4021003B4973 /* FusionEKF.cpp */ = {isa = PBXFileReference; lastKnownFileType = sourcecode.cpp.cpp; path = FusionEKF.cpp; sourceTree = "<group>"; };
		A366EC691E7B4021003B4973 /* FusionEKF.h */ = {isa = PBXFileReference; lastKnownFileType = sourcecode.c.h; path = FusionEKF.h; sourceTree = "<group>"; };
		A366EC6A1E7B4021003B4973 /* ground_truth_package.h */ = {isa = PBXFileReference; lastKnownFileType = sourcecode.c.h; path = ground_truth_package.h; sourceTree = "<group>"; };
		A366EC6B1E7B4021003B4973 /* kalman_filter.cpp */ = {isa = PBXFileReference; lastKnownFileType = sourcecode.cpp.cpp; path = kalman_filter.cpp; sourceTree = "<group>"; };
		A366EC6C1E7B4021003B4973 /* kalman_filter.h */ = {isa = PBXFileReference; lastKnownFileType = sourcecode.c.h; path = kalman_filter.h; sourceTree = "<group>"; };
		A366EC6D1E7B4021003B4973 /* main.cpp */ = {isa = PBXFileReference; lastKnownFileType = sourcecode.cpp.cpp; path = main.cpp; sourceTree = "<group>"; };
		A366EC6E1E7B4021003B4973 /* measurement_package.h */ = {isa = PBXFileReference; lastKnownFileType = sourcecode.c.h; path = measurement_package.h; sourceTree = "<group>"; };
		A366EC6F1E7B4021003B4973 /* tools.cpp */ = {isa = PBXFileReference; lastKnownFileType = sourcecode.cpp.cpp; path = tools.cpp; sourceTree = "<group>"; };
		A366EC701E7B4021003B4973 /* tools.h */ = {isa = PBXFileReference; lastKnownFileType = sourcecode.c.h; path = tools.h; sourceTree = "<group>"; };
/* End PBXFileReference section */

/* Begin PBXFrameworksBuildPhase section */
		A366EAEC1E7B3F7A003B4973 /* Frameworks */ = {
			isa = PBXFrameworksBuildPhase;
			buildActionMask = 2147483647;
			files = (
			);
			runOnlyForDeploymentPostprocessing = 0;
		};
/* End PBXFrameworksBuildPhase section */

/* Begin PBXGroup section */
		A366EAE61E7B3F7A003B4973 = {
			isa = PBXGroup;
			children = (
				A366EAFD1E7B4021003B4973 /* src */,
			);
			sourceTree = "<group>";
		};
		A366EAFD1E7B4021003B4973 /* src */ = {
			isa = PBXGroup;
			children = (
				A366EAFE1E7B4021003B4973 /* Eigen */,
				A366EC681E7B4021003B4973 /* FusionEKF.cpp */,
				A366EC691E7B4021003B4973 /* FusionEKF.h */,
				A366EC6A1E7B4021003B4973 /* ground_truth_package.h */,
				A366EC6B1E7B4021003B4973 /* kalman_filter.cpp */,
				A366EC6C1E7B4021003B4973 /* kalman_filter.h */,
				A366EC6D1E7B4021003B4973 /* main.cpp */,
				A366EC6E1E7B4021003B4973 /* measurement_package.h */,
				A366EC6F1E7B4021003B4973 /* tools.cpp */,
				A366EC701E7B4021003B4973 /* tools.h */,
			);
			name = src;
			path = ../../src;
			sourceTree = "<group>";
		};
		A366EAFE1E7B4021003B4973 /* Eigen */ = {
			isa = PBXGroup;
			children = (
				A366EAFF1E7B4021003B4973 /* Array */,
				A366EB001E7B4021003B4973 /* Cholesky */,
				A366EB011E7B4021003B4973 /* CholmodSupport */,
				A366EB021E7B4021003B4973 /* CMakeLists.txt */,
				A366EB031E7B4021003B4973 /* Core */,
				A366EB041E7B4021003B4973 /* Dense */,
				A366EB051E7B4021003B4973 /* Eigen */,
				A366EB061E7B4021003B4973 /* Eigen2Support */,
				A366EB071E7B4021003B4973 /* Eigenvalues */,
				A366EB081E7B4021003B4973 /* Geometry */,
				A366EB091E7B4021003B4973 /* Householder */,
				A366EB0A1E7B4021003B4973 /* IterativeLinearSolvers */,
				A366EB0B1E7B4021003B4973 /* Jacobi */,
				A366EB0C1E7B4021003B4973 /* LeastSquares */,
				A366EB0D1E7B4021003B4973 /* LU */,
				A366EB0E1E7B4021003B4973 /* MetisSupport */,
				A366EB0F1E7B4021003B4973 /* OrderingMethods */,
				A366EB101E7B4021003B4973 /* PardisoSupport */,
				A366EB111E7B4021003B4973 /* PaStiXSupport */,
				A366EB121E7B4021003B4973 /* QR */,
				A366EB131E7B4021003B4973 /* QtAlignedMalloc */,
				A366EB141E7B4021003B4973 /* Sparse */,
				A366EB151E7B4021003B4973 /* SparseCholesky */,
				A366EB161E7B4021003B4973 /* SparseCore */,
				A366EB171E7B4021003B4973 /* SparseLU */,
				A366EB181E7B4021003B4973 /* SparseQR */,
				A366EB191E7B4021003B4973 /* SPQRSupport */,
				A366EB1A1E7B4021003B4973 /* src */,
				A366EC621E7B4021003B4973 /* StdDeque */,
				A366EC631E7B4021003B4973 /* StdList */,
				A366EC641E7B4021003B4973 /* StdVector */,
				A366EC651E7B4021003B4973 /* SuperLUSupport */,
				A366EC661E7B4021003B4973 /* SVD */,
				A366EC671E7B4021003B4973 /* UmfPackSupport */,
			);
			path = Eigen;
			sourceTree = "<group>";
		};
		A366EB1A1E7B4021003B4973 /* src */ = {
			isa = PBXGroup;
			children = (
				A366EB1B1E7B4021003B4973 /* Cholesky */,
				A366EB201E7B4021003B4973 /* CholmodSupport */,
				A366EB231E7B4021003B4973 /* CMakeLists.txt */,
				A366EB241E7B4021003B4973 /* Core */,
				A366EB9A1E7B4021003B4973 /* Eigen2Support */,
				A366EBB81E7B4021003B4973 /* Eigenvalues */,
				A366EBC81E7B4021003B4973 /* Geometry */,
				A366EBDB1E7B4021003B4973 /* Householder */,
				A366EBE01E7B4021003B4973 /* IterativeLinearSolvers */,
				A366EBE71E7B4021003B4973 /* Jacobi */,
				A366EBEA1E7B4021003B4973 /* LU */,
				A366EBF41E7B4021003B4973 /* MetisSupport */,
				A366EBF71E7B4021003B4973 /* misc */,
				A366EBFE1E7B4021003B4973 /* OrderingMethods */,
				A366EC031E7B4021003B4973 /* PardisoSupport */,
				A366EC061E7B4021003B4973 /* PaStiXSupport */,
				A366EC091E7B4021003B4973 /* plugins */,
				A366EC121E7B4021003B4973 /* QR */,
				A366EC191E7B4021003B4973 /* SparseCholesky */,
				A366EC1D1E7B4021003B4973 /* SparseCore */,
				A366EC381E7B4021003B4973 /* SparseLU */,
				A366EC4B1E7B4021003B4973 /* SparseQR */,
				A366EC4E1E7B4021003B4973 /* SPQRSupport */,
				A366EC511E7B4021003B4973 /* StlSupport */,
				A366EC571E7B4021003B4973 /* SuperLUSupport */,
				A366EC5A1E7B4021003B4973 /* SVD */,
				A366EC5F1E7B4021003B4973 /* UmfPackSupport */,
			);
			path = src;
			sourceTree = "<group>";
		};
		A366EB1B1E7B4021003B4973 /* Cholesky */ = {
			isa = PBXGroup;
			children = (
				A366EB1C1E7B4021003B4973 /* CMakeLists.txt */,
				A366EB1D1E7B4021003B4973 /* LDLT.h */,
				A366EB1E1E7B4021003B4973 /* LLT.h */,
				A366EB1F1E7B4021003B4973 /* LLT_MKL.h */,
			);
			path = Cholesky;
			sourceTree = "<group>";
		};
		A366EB201E7B4021003B4973 /* CholmodSupport */ = {
			isa = PBXGroup;
			children = (
				A366EB211E7B4021003B4973 /* CholmodSupport.h */,
				A366EB221E7B4021003B4973 /* CMakeLists.txt */,
			);
			path = CholmodSupport;
			sourceTree = "<group>";
		};
		A366EB241E7B4021003B4973 /* Core */ = {
			isa = PBXGroup;
			children = (
				A366EB251E7B4021003B4973 /* arch */,
				A366EB371E7B4021003B4973 /* Array.h */,
				A366EB381E7B4021003B4973 /* ArrayBase.h */,
				A366EB391E7B4021003B4973 /* ArrayWrapper.h */,
				A366EB3A1E7B4021003B4973 /* Assign.h */,
				A366EB3B1E7B4021003B4973 /* Assign_MKL.h */,
				A366EB3C1E7B4021003B4973 /* BandMatrix.h */,
				A366EB3D1E7B4021003B4973 /* Block.h */,
				A366EB3E1E7B4021003B4973 /* BooleanRedux.h */,
				A366EB3F1E7B4021003B4973 /* CMakeLists.txt */,
				A366EB401E7B4021003B4973 /* CommaInitializer.h */,
				A366EB411E7B4021003B4973 /* CoreIterators.h */,
				A366EB421E7B4021003B4973 /* CwiseBinaryOp.h */,
				A366EB431E7B4021003B4973 /* CwiseNullaryOp.h */,
				A366EB441E7B4021003B4973 /* CwiseUnaryOp.h */,
				A366EB451E7B4021003B4973 /* CwiseUnaryView.h */,
				A366EB461E7B4021003B4973 /* DenseBase.h */,
				A366EB471E7B4021003B4973 /* DenseCoeffsBase.h */,
				A366EB481E7B4021003B4973 /* DenseStorage.h */,
				A366EB491E7B4021003B4973 /* Diagonal.h */,
				A366EB4A1E7B4021003B4973 /* DiagonalMatrix.h */,
				A366EB4B1E7B4021003B4973 /* DiagonalProduct.h */,
				A366EB4C1E7B4021003B4973 /* Dot.h */,
				A366EB4D1E7B4021003B4973 /* EigenBase.h */,
				A366EB4E1E7B4021003B4973 /* Flagged.h */,
				A366EB4F1E7B4021003B4973 /* ForceAlignedAccess.h */,
				A366EB501E7B4021003B4973 /* Functors.h */,
				A366EB511E7B4021003B4973 /* Fuzzy.h */,
				A366EB521E7B4021003B4973 /* GeneralProduct.h */,
				A366EB531E7B4021003B4973 /* GenericPacketMath.h */,
				A366EB541E7B4021003B4973 /* GlobalFunctions.h */,
				A366EB551E7B4021003B4973 /* IO.h */,
				A366EB561E7B4021003B4973 /* Map.h */,
				A366EB571E7B4021003B4973 /* MapBase.h */,
				A366EB581E7B4021003B4973 /* MathFunctions.h */,
				A366EB591E7B4021003B4973 /* Matrix.h */,
				A366EB5A1E7B4021003B4973 /* MatrixBase.h */,
				A366EB5B1E7B4021003B4973 /* NestByValue.h */,
				A366EB5C1E7B4021003B4973 /* NoAlias.h */,
				A366EB5D1E7B4021003B4973 /* NumTraits.h */,
				A366EB5E1E7B4021003B4973 /* PermutationMatrix.h */,
				A366EB5F1E7B4021003B4973 /* PlainObjectBase.h */,
				A366EB601E7B4021003B4973 /* ProductBase.h */,
				A366EB611E7B4021003B4973 /* products */,
				A366EB791E7B4021003B4973 /* Random.h */,
				A366EB7A1E7B4021003B4973 /* Redux.h */,
				A366EB7B1E7B4021003B4973 /* Ref.h */,
				A366EB7C1E7B4021003B4973 /* Replicate.h */,
				A366EB7D1E7B4021003B4973 /* ReturnByValue.h */,
				A366EB7E1E7B4021003B4973 /* Reverse.h */,
				A366EB7F1E7B4021003B4973 /* Select.h */,
				A366EB801E7B4021003B4973 /* SelfAdjointView.h */,
				A366EB811E7B4021003B4973 /* SelfCwiseBinaryOp.h */,
				A366EB821E7B4021003B4973 /* SolveTriangular.h */,
				A366EB831E7B4021003B4973 /* StableNorm.h */,
				A366EB841E7B4021003B4973 /* Stride.h */,
				A366EB851E7B4021003B4973 /* Swap.h */,
				A366EB861E7B4021003B4973 /* Transpose.h */,
				A366EB871E7B4021003B4973 /* Transpositions.h */,
				A366EB881E7B4021003B4973 /* TriangularMatrix.h */,
				A366EB891E7B4021003B4973 /* util */,
				A366EB971E7B4021003B4973 /* VectorBlock.h */,
				A366EB981E7B4021003B4973 /* VectorwiseOp.h */,
				A366EB991E7B4021003B4973 /* Visitor.h */,
			);
			path = Core;
			sourceTree = "<group>";
		};
		A366EB251E7B4021003B4973 /* arch */ = {
			isa = PBXGroup;
			children = (
				A366EB261E7B4021003B4973 /* AltiVec */,
				A366EB2A1E7B4021003B4973 /* CMakeLists.txt */,
				A366EB2B1E7B4021003B4973 /* Default */,
				A366EB2E1E7B4021003B4973 /* NEON */,
				A366EB321E7B4021003B4973 /* SSE */,
			);
			path = arch;
			sourceTree = "<group>";
		};
		A366EB261E7B4021003B4973 /* AltiVec */ = {
			isa = PBXGroup;
			children = (
				A366EB271E7B4021003B4973 /* CMakeLists.txt */,
				A366EB281E7B4021003B4973 /* Complex.h */,
				A366EB291E7B4021003B4973 /* PacketMath.h */,
			);
			path = AltiVec;
			sourceTree = "<group>";
		};
		A366EB2B1E7B4021003B4973 /* Default */ = {
			isa = PBXGroup;
			children = (
				A366EB2C1E7B4021003B4973 /* CMakeLists.txt */,
				A366EB2D1E7B4021003B4973 /* Settings.h */,
			);
			path = Default;
			sourceTree = "<group>";
		};
		A366EB2E1E7B4021003B4973 /* NEON */ = {
			isa = PBXGroup;
			children = (
				A366EB2F1E7B4021003B4973 /* CMakeLists.txt */,
				A366EB301E7B4021003B4973 /* Complex.h */,
				A366EB311E7B4021003B4973 /* PacketMath.h */,
			);
			path = NEON;
			sourceTree = "<group>";
		};
		A366EB321E7B4021003B4973 /* SSE */ = {
			isa = PBXGroup;
			children = (
				A366EB331E7B4021003B4973 /* CMakeLists.txt */,
				A366EB341E7B4021003B4973 /* Complex.h */,
				A366EB351E7B4021003B4973 /* MathFunctions.h */,
				A366EB361E7B4021003B4973 /* PacketMath.h */,
			);
			path = SSE;
			sourceTree = "<group>";
		};
		A366EB611E7B4021003B4973 /* products */ = {
			isa = PBXGroup;
			children = (
				A366EB621E7B4021003B4973 /* CMakeLists.txt */,
				A366EB631E7B4021003B4973 /* CoeffBasedProduct.h */,
				A366EB641E7B4021003B4973 /* GeneralBlockPanelKernel.h */,
				A366EB651E7B4021003B4973 /* GeneralMatrixMatrix.h */,
				A366EB661E7B4021003B4973 /* GeneralMatrixMatrix_MKL.h */,
				A366EB671E7B4021003B4973 /* GeneralMatrixMatrixTriangular.h */,
				A366EB681E7B4021003B4973 /* GeneralMatrixMatrixTriangular_MKL.h */,
				A366EB691E7B4021003B4973 /* GeneralMatrixVector.h */,
				A366EB6A1E7B4021003B4973 /* GeneralMatrixVector_MKL.h */,
				A366EB6B1E7B4021003B4973 /* Parallelizer.h */,
				A366EB6C1E7B4021003B4973 /* SelfadjointMatrixMatrix.h */,
				A366EB6D1E7B4021003B4973 /* SelfadjointMatrixMatrix_MKL.h */,
				A366EB6E1E7B4021003B4973 /* SelfadjointMatrixVector.h */,
				A366EB6F1E7B4021003B4973 /* SelfadjointMatrixVector_MKL.h */,
				A366EB701E7B4021003B4973 /* SelfadjointProduct.h */,
				A366EB711E7B4021003B4973 /* SelfadjointRank2Update.h */,
				A366EB721E7B4021003B4973 /* TriangularMatrixMatrix.h */,
				A366EB731E7B4021003B4973 /* TriangularMatrixMatrix_MKL.h */,
				A366EB741E7B4021003B4973 /* TriangularMatrixVector.h */,
				A366EB751E7B4021003B4973 /* TriangularMatrixVector_MKL.h */,
				A366EB761E7B4021003B4973 /* TriangularSolverMatrix.h */,
				A366EB771E7B4021003B4973 /* TriangularSolverMatrix_MKL.h */,
				A366EB781E7B4021003B4973 /* TriangularSolverVector.h */,
			);
			path = products;
			sourceTree = "<group>";
		};
		A366EB891E7B4021003B4973 /* util */ = {
			isa = PBXGroup;
			children = (
				A366EB8A1E7B4021003B4973 /* BlasUtil.h */,
				A366EB8B1E7B4021003B4973 /* CMakeLists.txt */,
				A366EB8C1E7B4021003B4973 /* Constants.h */,
				A366EB8D1E7B4021003B4973 /* DisableStupidWarnings.h */,
				A366EB8E1E7B4021003B4973 /* ForwardDeclarations.h */,
				A366EB8F1E7B4021003B4973 /* Macros.h */,
				A366EB901E7B4021003B4973 /* Memory.h */,
				A366EB911E7B4021003B4973 /* Meta.h */,
				A366EB921E7B4021003B4973 /* MKL_support.h */,
				A366EB931E7B4021003B4973 /* NonMPL2.h */,
				A366EB941E7B4021003B4973 /* ReenableStupidWarnings.h */,
				A366EB951E7B4021003B4973 /* StaticAssert.h */,
				A366EB961E7B4021003B4973 /* XprHelper.h */,
			);
			path = util;
			sourceTree = "<group>";
		};
		A366EB9A1E7B4021003B4973 /* Eigen2Support */ = {
			isa = PBXGroup;
			children = (
				A366EB9B1E7B4021003B4973 /* Block.h */,
				A366EB9C1E7B4021003B4973 /* CMakeLists.txt */,
				A366EB9D1E7B4021003B4973 /* Cwise.h */,
				A366EB9E1E7B4021003B4973 /* CwiseOperators.h */,
				A366EB9F1E7B4021003B4973 /* Geometry */,
				A366EBAC1E7B4021003B4973 /* Lazy.h */,
				A366EBAD1E7B4021003B4973 /* LeastSquares.h */,
				A366EBAE1E7B4021003B4973 /* LU.h */,
				A366EBAF1E7B4021003B4973 /* Macros.h */,
				A366EBB01E7B4021003B4973 /* MathFunctions.h */,
				A366EBB11E7B4021003B4973 /* Memory.h */,
				A366EBB21E7B4021003B4973 /* Meta.h */,
				A366EBB31E7B4021003B4973 /* Minor.h */,
				A366EBB41E7B4021003B4973 /* QR.h */,
				A366EBB51E7B4021003B4973 /* SVD.h */,
				A366EBB61E7B4021003B4973 /* TriangularSolver.h */,
				A366EBB71E7B4021003B4973 /* VectorBlock.h */,
			);
			path = Eigen2Support;
			sourceTree = "<group>";
		};
		A366EB9F1E7B4021003B4973 /* Geometry */ = {
			isa = PBXGroup;
			children = (
				A366EBA01E7B4021003B4973 /* AlignedBox.h */,
				A366EBA11E7B4021003B4973 /* All.h */,
				A366EBA21E7B4021003B4973 /* AngleAxis.h */,
				A366EBA31E7B4021003B4973 /* CMakeLists.txt */,
				A366EBA41E7B4021003B4973 /* Hyperplane.h */,
				A366EBA51E7B4021003B4973 /* ParametrizedLine.h */,
				A366EBA61E7B4021003B4973 /* Quaternion.h */,
				A366EBA71E7B4021003B4973 /* Rotation2D.h */,
				A366EBA81E7B4021003B4973 /* RotationBase.h */,
				A366EBA91E7B4021003B4973 /* Scaling.h */,
				A366EBAA1E7B4021003B4973 /* Transform.h */,
				A366EBAB1E7B4021003B4973 /* Translation.h */,
			);
			path = Geometry;
			sourceTree = "<group>";
		};
		A366EBB81E7B4021003B4973 /* Eigenvalues */ = {
			isa = PBXGroup;
			children = (
				A366EBB91E7B4021003B4973 /* CMakeLists.txt */,
				A366EBBA1E7B4021003B4973 /* ComplexEigenSolver.h */,
				A366EBBB1E7B4021003B4973 /* ComplexSchur.h */,
				A366EBBC1E7B4021003B4973 /* ComplexSchur_MKL.h */,
				A366EBBD1E7B4021003B4973 /* EigenSolver.h */,
				A366EBBE1E7B4021003B4973 /* GeneralizedEigenSolver.h */,
				A366EBBF1E7B4021003B4973 /* GeneralizedSelfAdjointEigenSolver.h */,
				A366EBC01E7B4021003B4973 /* HessenbergDecomposition.h */,
				A366EBC11E7B4021003B4973 /* MatrixBaseEigenvalues.h */,
				A366EBC21E7B4021003B4973 /* RealQZ.h */,
				A366EBC31E7B4021003B4973 /* RealSchur.h */,
				A366EBC41E7B4021003B4973 /* RealSchur_MKL.h */,
				A366EBC51E7B4021003B4973 /* SelfAdjointEigenSolver.h */,
				A366EBC61E7B4021003B4973 /* SelfAdjointEigenSolver_MKL.h */,
				A366EBC71E7B4021003B4973 /* Tridiagonalization.h */,
			);
			path = Eigenvalues;
			sourceTree = "<group>";
		};
		A366EBC81E7B4021003B4973 /* Geometry */ = {
			isa = PBXGroup;
			children = (
				A366EBC91E7B4021003B4973 /* AlignedBox.h */,
				A366EBCA1E7B4021003B4973 /* AngleAxis.h */,
				A366EBCB1E7B4021003B4973 /* arch */,
				A366EBCE1E7B4021003B4973 /* CMakeLists.txt */,
				A366EBCF1E7B4021003B4973 /* EulerAngles.h */,
				A366EBD01E7B4021003B4973 /* Homogeneous.h */,
				A366EBD11E7B4021003B4973 /* Hyperplane.h */,
				A366EBD21E7B4021003B4973 /* OrthoMethods.h */,
				A366EBD31E7B4021003B4973 /* ParametrizedLine.h */,
				A366EBD41E7B4021003B4973 /* Quaternion.h */,
				A366EBD51E7B4021003B4973 /* Rotation2D.h */,
				A366EBD61E7B4021003B4973 /* RotationBase.h */,
				A366EBD71E7B4021003B4973 /* Scaling.h */,
				A366EBD81E7B4021003B4973 /* Transform.h */,
				A366EBD91E7B4021003B4973 /* Translation.h */,
				A366EBDA1E7B4021003B4973 /* Umeyama.h */,
			);
			path = Geometry;
			sourceTree = "<group>";
		};
		A366EBCB1E7B4021003B4973 /* arch */ = {
			isa = PBXGroup;
			children = (
				A366EBCC1E7B4021003B4973 /* CMakeLists.txt */,
				A366EBCD1E7B4021003B4973 /* Geometry_SSE.h */,
			);
			path = arch;
			sourceTree = "<group>";
		};
		A366EBDB1E7B4021003B4973 /* Householder */ = {
			isa = PBXGroup;
			children = (
				A366EBDC1E7B4021003B4973 /* BlockHouseholder.h */,
				A366EBDD1E7B4021003B4973 /* CMakeLists.txt */,
				A366EBDE1E7B4021003B4973 /* Householder.h */,
				A366EBDF1E7B4021003B4973 /* HouseholderSequence.h */,
			);
			path = Householder;
			sourceTree = "<group>";
		};
		A366EBE01E7B4021003B4973 /* IterativeLinearSolvers */ = {
			isa = PBXGroup;
			children = (
				A366EBE11E7B4021003B4973 /* BasicPreconditioners.h */,
				A366EBE21E7B4021003B4973 /* BiCGSTAB.h */,
				A366EBE31E7B4021003B4973 /* CMakeLists.txt */,
				A366EBE41E7B4021003B4973 /* ConjugateGradient.h */,
				A366EBE51E7B4021003B4973 /* IncompleteLUT.h */,
				A366EBE61E7B4021003B4973 /* IterativeSolverBase.h */,
			);
			path = IterativeLinearSolvers;
			sourceTree = "<group>";
		};
		A366EBE71E7B4021003B4973 /* Jacobi */ = {
			isa = PBXGroup;
			children = (
				A366EBE81E7B4021003B4973 /* CMakeLists.txt */,
				A366EBE91E7B4021003B4973 /* Jacobi.h */,
			);
			path = Jacobi;
			sourceTree = "<group>";
		};
		A366EBEA1E7B4021003B4973 /* LU */ = {
			isa = PBXGroup;
			children = (
				A366EBEB1E7B4021003B4973 /* arch */,
				A366EBEE1E7B4021003B4973 /* CMakeLists.txt */,
				A366EBEF1E7B4021003B4973 /* Determinant.h */,
				A366EBF01E7B4021003B4973 /* FullPivLU.h */,
				A366EBF11E7B4021003B4973 /* Inverse.h */,
				A366EBF21E7B4021003B4973 /* PartialPivLU.h */,
				A366EBF31E7B4021003B4973 /* PartialPivLU_MKL.h */,
			);
			path = LU;
			sourceTree = "<group>";
		};
		A366EBEB1E7B4021003B4973 /* arch */ = {
			isa = PBXGroup;
			children = (
				A366EBEC1E7B4021003B4973 /* CMakeLists.txt */,
				A366EBED1E7B4021003B4973 /* Inverse_SSE.h */,
			);
			path = arch;
			sourceTree = "<group>";
		};
		A366EBF41E7B4021003B4973 /* MetisSupport */ = {
			isa = PBXGroup;
			children = (
				A366EBF51E7B4021003B4973 /* CMakeLists.txt */,
				A366EBF61E7B4021003B4973 /* MetisSupport.h */,
			);
			path = MetisSupport;
			sourceTree = "<group>";
		};
		A366EBF71E7B4021003B4973 /* misc */ = {
			isa = PBXGroup;
			children = (
				A366EBF81E7B4021003B4973 /* blas.h */,
				A366EBF91E7B4021003B4973 /* CMakeLists.txt */,
				A366EBFA1E7B4021003B4973 /* Image.h */,
				A366EBFB1E7B4021003B4973 /* Kernel.h */,
				A366EBFC1E7B4021003B4973 /* Solve.h */,
				A366EBFD1E7B4021003B4973 /* SparseSolve.h */,
			);
			path = misc;
			sourceTree = "<group>";
		};
		A366EBFE1E7B4021003B4973 /* OrderingMethods */ = {
			isa = PBXGroup;
			children = (
				A366EBFF1E7B4021003B4973 /* Amd.h */,
				A366EC001E7B4021003B4973 /* CMakeLists.txt */,
				A366EC011E7B4021003B4973 /* Eigen_Colamd.h */,
				A366EC021E7B4021003B4973 /* Ordering.h */,
			);
			path = OrderingMethods;
			sourceTree = "<group>";
		};
		A366EC031E7B4021003B4973 /* PardisoSupport */ = {
			isa = PBXGroup;
			children = (
				A366EC041E7B4021003B4973 /* CMakeLists.txt */,
				A366EC051E7B4021003B4973 /* PardisoSupport.h */,
			);
			path = PardisoSupport;
			sourceTree = "<group>";
		};
		A366EC061E7B4021003B4973 /* PaStiXSupport */ = {
			isa = PBXGroup;
			children = (
				A366EC071E7B4021003B4973 /* CMakeLists.txt */,
				A366EC081E7B4021003B4973 /* PaStiXSupport.h */,
			);
			path = PaStiXSupport;
			sourceTree = "<group>";
		};
		A366EC091E7B4021003B4973 /* plugins */ = {
			isa = PBXGroup;
			children = (
				A366EC0A1E7B4021003B4973 /* ArrayCwiseBinaryOps.h */,
				A366EC0B1E7B4021003B4973 /* ArrayCwiseUnaryOps.h */,
				A366EC0C1E7B4021003B4973 /* BlockMethods.h */,
				A366EC0D1E7B4021003B4973 /* CMakeLists.txt */,
				A366EC0E1E7B4021003B4973 /* CommonCwiseBinaryOps.h */,
				A366EC0F1E7B4021003B4973 /* CommonCwiseUnaryOps.h */,
				A366EC101E7B4021003B4973 /* MatrixCwiseBinaryOps.h */,
				A366EC111E7B4021003B4973 /* MatrixCwiseUnaryOps.h */,
			);
			path = plugins;
			sourceTree = "<group>";
		};
		A366EC121E7B4021003B4973 /* QR */ = {
			isa = PBXGroup;
			children = (
				A366EC131E7B4021003B4973 /* CMakeLists.txt */,
				A366EC141E7B4021003B4973 /* ColPivHouseholderQR.h */,
				A366EC151E7B4021003B4973 /* ColPivHouseholderQR_MKL.h */,
				A366EC161E7B4021003B4973 /* FullPivHouseholderQR.h */,
				A366EC171E7B4021003B4973 /* HouseholderQR.h */,
				A366EC181E7B4021003B4973 /* HouseholderQR_MKL.h */,
			);
			path = QR;
			sourceTree = "<group>";
		};
		A366EC191E7B4021003B4973 /* SparseCholesky */ = {
			isa = PBXGroup;
			children = (
				A366EC1A1E7B4021003B4973 /* CMakeLists.txt */,
				A366EC1B1E7B4021003B4973 /* SimplicialCholesky.h */,
				A366EC1C1E7B4021003B4973 /* SimplicialCholesky_impl.h */,
			);
			path = SparseCholesky;
			sourceTree = "<group>";
		};
		A366EC1D1E7B4021003B4973 /* SparseCore */ = {
			isa = PBXGroup;
			children = (
				A366EC1E1E7B4021003B4973 /* AmbiVector.h */,
				A366EC1F1E7B4021003B4973 /* CMakeLists.txt */,
				A366EC201E7B4021003B4973 /* CompressedStorage.h */,
				A366EC211E7B4021003B4973 /* ConservativeSparseSparseProduct.h */,
				A366EC221E7B4021003B4973 /* MappedSparseMatrix.h */,
				A366EC231E7B4021003B4973 /* SparseBlock.h */,
				A366EC241E7B4021003B4973 /* SparseColEtree.h */,
				A366EC251E7B4021003B4973 /* SparseCwiseBinaryOp.h */,
				A366EC261E7B4021003B4973 /* SparseCwiseUnaryOp.h */,
				A366EC271E7B4021003B4973 /* SparseDenseProduct.h */,
				A366EC281E7B4021003B4973 /* SparseDiagonalProduct.h */,
				A366EC291E7B4021003B4973 /* SparseDot.h */,
				A366EC2A1E7B4021003B4973 /* SparseFuzzy.h */,
				A366EC2B1E7B4021003B4973 /* SparseMatrix.h */,
				A366EC2C1E7B4021003B4973 /* SparseMatrixBase.h */,
				A366EC2D1E7B4021003B4973 /* SparsePermutation.h */,
				A366EC2E1E7B4021003B4973 /* SparseProduct.h */,
				A366EC2F1E7B4021003B4973 /* SparseRedux.h */,
				A366EC301E7B4021003B4973 /* SparseSelfAdjointView.h */,
				A366EC311E7B4021003B4973 /* SparseSparseProductWithPruning.h */,
				A366EC321E7B4021003B4973 /* SparseTranspose.h */,
				A366EC331E7B4021003B4973 /* SparseTriangularView.h */,
				A366EC341E7B4021003B4973 /* SparseUtil.h */,
				A366EC351E7B4021003B4973 /* SparseVector.h */,
				A366EC361E7B4021003B4973 /* SparseView.h */,
				A366EC371E7B4021003B4973 /* TriangularSolver.h */,
			);
			path = SparseCore;
			sourceTree = "<group>";
		};
		A366EC381E7B4021003B4973 /* SparseLU */ = {
			isa = PBXGroup;
			children = (
				A366EC391E7B4021003B4973 /* CMakeLists.txt */,
				A366EC3A1E7B4021003B4973 /* SparseLU.h */,
				A366EC3B1E7B4021003B4973 /* SparseLU_column_bmod.h */,
				A366EC3C1E7B4021003B4973 /* SparseLU_column_dfs.h */,
				A366EC3D1E7B4021003B4973 /* SparseLU_copy_to_ucol.h */,
				A366EC3E1E7B4021003B4973 /* SparseLU_gemm_kernel.h */,
				A366EC3F1E7B4021003B4973 /* SparseLU_heap_relax_snode.h */,
				A366EC401E7B4021003B4973 /* SparseLU_kernel_bmod.h */,
				A366EC411E7B4021003B4973 /* SparseLU_Memory.h */,
				A366EC421E7B4021003B4973 /* SparseLU_panel_bmod.h */,
				A366EC431E7B4021003B4973 /* SparseLU_panel_dfs.h */,
				A366EC441E7B4021003B4973 /* SparseLU_pivotL.h */,
				A366EC451E7B4021003B4973 /* SparseLU_pruneL.h */,
				A366EC461E7B4021003B4973 /* SparseLU_relax_snode.h */,
				A366EC471E7B4021003B4973 /* SparseLU_Structs.h */,
				A366EC481E7B4021003B4973 /* SparseLU_SupernodalMatrix.h */,
				A366EC491E7B4021003B4973 /* SparseLU_Utils.h */,
				A366EC4A1E7B4021003B4973 /* SparseLUImpl.h */,
			);
			path = SparseLU;
			sourceTree = "<group>";
		};
		A366EC4B1E7B4021003B4973 /* SparseQR */ = {
			isa = PBXGroup;
			children = (
				A366EC4C1E7B4021003B4973 /* CMakeLists.txt */,
				A366EC4D1E7B4021003B4973 /* SparseQR.h */,
			);
			path = SparseQR;
			sourceTree = "<group>";
		};
		A366EC4E1E7B4021003B4973 /* SPQRSupport */ = {
			isa = PBXGroup;
			children = (
				A366EC4F1E7B4021003B4973 /* CMakeLists.txt */,
				A366EC501E7B4021003B4973 /* SuiteSparseQRSupport.h */,
			);
			path = SPQRSupport;
			sourceTree = "<group>";
		};
		A366EC511E7B4021003B4973 /* StlSupport */ = {
			isa = PBXGroup;
			children = (
				A366EC521E7B4021003B4973 /* CMakeLists.txt */,
				A366EC531E7B4021003B4973 /* details.h */,
				A366EC541E7B4021003B4973 /* StdDeque.h */,
				A366EC551E7B4021003B4973 /* StdList.h */,
				A366EC561E7B4021003B4973 /* StdVector.h */,
			);
			path = StlSupport;
			sourceTree = "<group>";
		};
		A366EC571E7B4021003B4973 /* SuperLUSupport */ = {
			isa = PBXGroup;
			children = (
				A366EC581E7B4021003B4973 /* CMakeLists.txt */,
				A366EC591E7B4021003B4973 /* SuperLUSupport.h */,
			);
			path = SuperLUSupport;
			sourceTree = "<group>";
		};
		A366EC5A1E7B4021003B4973 /* SVD */ = {
			isa = PBXGroup;
			children = (
				A366EC5B1E7B4021003B4973 /* CMakeLists.txt */,
				A366EC5C1E7B4021003B4973 /* JacobiSVD.h */,
				A366EC5D1E7B4021003B4973 /* JacobiSVD_MKL.h */,
				A366EC5E1E7B4021003B4973 /* UpperBidiagonalization.h */,
			);
			path = SVD;
			sourceTree = "<group>";
		};
		A366EC5F1E7B4021003B4973 /* UmfPackSupport */ = {
			isa = PBXGroup;
			children = (
				A366EC601E7B4021003B4973 /* CMakeLists.txt */,
				A366EC611E7B4021003B4973 /* UmfPackSupport.h */,
			);
			path = UmfPackSupport;
			sourceTree = "<group>";
		};
/* End PBXGroup section */

/* Begin PBXNativeTarget section */
		A366EAEE1E7B3F7A003B4973 /* extended-kalman-filter */ = {
			isa = PBXNativeTarget;
			buildConfigurationList = A366EAF61E7B3F7A003B4973 /* Build configuration list for PBXNativeTarget "extended-kalman-filter" */;
			buildPhases = (
				A366EAEB1E7B3F7A003B4973 /* Sources */,
				A366EAEC1E7B3F7A003B4973 /* Frameworks */,
				A366EAED1E7B3F7A003B4973 /* CopyFiles */,
			);
			buildRules = (
			);
			dependencies = (
			);
			name = "extended-kalman-filter";
			productName = "extended-kalman-filter";
			productReference = A366EAEF1E7B3F7A003B4973 /* extended-kalman-filter */;
			productType = "com.apple.product-type.tool";
		};
/* End PBXNativeTarget section */

/* Begin PBXProject section */
		A366EAE71E7B3F7A003B4973 /* Project object */ = {
			isa = PBXProject;
			attributes = {
				LastUpgradeCheck = 0820;
				ORGANIZATIONNAME = Klemens;
				TargetAttributes = {
					A366EAEE1E7B3F7A003B4973 = {
						CreatedOnToolsVersion = 8.2.1;
						ProvisioningStyle = Automatic;
					};
				};
			};
			buildConfigurationList = A366EAEA1E7B3F7A003B4973 /* Build configuration list for PBXProject "extended-kalman-filter" */;
			compatibilityVersion = "Xcode 3.2";
			developmentRegion = English;
			hasScannedForEncodings = 0;
			knownRegions = (
				en,
			);
			mainGroup = A366EAE61E7B3F7A003B4973;
			productRefGroup = A366EAE61E7B3F7A003B4973;
			projectDirPath = "";
			projectRoot = "";
			targets = (
				A366EAEE1E7B3F7A003B4973 /* extended-kalman-filter */,
			);
		};
/* End PBXProject section */

/* Begin PBXSourcesBuildPhase section */
		A366EAEB1E7B3F7A003B4973 /* Sources */ = {
			isa = PBXSourcesBuildPhase;
			buildActionMask = 2147483647;
			files = (
			);
			runOnlyForDeploymentPostprocessing = 0;
		};
/* End PBXSourcesBuildPhase section */

/* Begin XCBuildConfiguration section */
		A366EAF41E7B3F7A003B4973 /* Debug */ = {
			isa = XCBuildConfiguration;
			buildSettings = {
				ALWAYS_SEARCH_USER_PATHS = NO;
				CLANG_ANALYZER_NONNULL = YES;
				CLANG_CXX_LANGUAGE_STANDARD = "gnu++0x";
				CLANG_CXX_LIBRARY = "libc++";
				CLANG_ENABLE_MODULES = YES;
				CLANG_ENABLE_OBJC_ARC = YES;
				CLANG_WARN_BOOL_CONVERSION = YES;
				CLANG_WARN_CONSTANT_CONVERSION = YES;
				CLANG_WARN_DIRECT_OBJC_ISA_USAGE = YES_ERROR;
				CLANG_WARN_DOCUMENTATION_COMMENTS = YES;
				CLANG_WARN_EMPTY_BODY = YES;
				CLANG_WARN_ENUM_CONVERSION = YES;
				CLANG_WARN_INFINITE_RECURSION = YES;
				CLANG_WARN_INT_CONVERSION = YES;
				CLANG_WARN_OBJC_ROOT_CLASS = YES_ERROR;
				CLANG_WARN_SUSPICIOUS_MOVE = YES;
				CLANG_WARN_UNREACHABLE_CODE = YES;
				CLANG_WARN__DUPLICATE_METHOD_MATCH = YES;
				CODE_SIGN_IDENTITY = "-";
				COPY_PHASE_STRIP = NO;
				DEBUG_INFORMATION_FORMAT = dwarf;
				ENABLE_STRICT_OBJC_MSGSEND = YES;
				ENABLE_TESTABILITY = YES;
				GCC_C_LANGUAGE_STANDARD = gnu99;
				GCC_DYNAMIC_NO_PIC = NO;
				GCC_NO_COMMON_BLOCKS = YES;
				GCC_OPTIMIZATION_LEVEL = 0;
				GCC_PREPROCESSOR_DEFINITIONS = (
					"DEBUG=1",
					"$(inherited)",
				);
				GCC_WARN_64_TO_32_BIT_CONVERSION = YES;
				GCC_WARN_ABOUT_RETURN_TYPE = YES_ERROR;
				GCC_WARN_UNDECLARED_SELECTOR = YES;
				GCC_WARN_UNINITIALIZED_AUTOS = YES_AGGRESSIVE;
				GCC_WARN_UNUSED_FUNCTION = YES;
				GCC_WARN_UNUSED_VARIABLE = YES;
				MACOSX_DEPLOYMENT_TARGET = 10.12;
				MTL_ENABLE_DEBUG_INFO = YES;
				ONLY_ACTIVE_ARCH = YES;
				SDKROOT = macosx;
			};
			name = Debug;
		};
		A366EAF51E7B3F7A003B4973 /* Release */ = {
			isa = XCBuildConfiguration;
			buildSettings = {
				ALWAYS_SEARCH_USER_PATHS = NO;
				CLANG_ANALYZER_NONNULL = YES;
				CLANG_CXX_LANGUAGE_STANDARD = "gnu++0x";
				CLANG_CXX_LIBRARY = "libc++";
				CLANG_ENABLE_MODULES = YES;
				CLANG_ENABLE_OBJC_ARC = YES;
				CLANG_WARN_BOOL_CONVERSION = YES;
				CLANG_WARN_CONSTANT_CONVERSION = YES;
				CLANG_WARN_DIRECT_OBJC_ISA_USAGE = YES_ERROR;
				CLANG_WARN_DOCUMENTATION_COMMENTS = YES;
				CLANG_WARN_EMPTY_BODY = YES;
				CLANG_WARN_ENUM_CONVERSION = YES;
				CLANG_WARN_INFINITE_RECURSION = YES;
				CLANG_WARN_INT_CONVERSION = YES;
				CLANG_WARN_OBJC_ROOT_CLASS = YES_ERROR;
				CLANG_WARN_SUSPICIOUS_MOVE = YES;
				CLANG_WARN_UNREACHABLE_CODE = YES;
				CLANG_WARN__DUPLICATE_METHOD_MATCH = YES;
				CODE_SIGN_IDENTITY = "-";
				COPY_PHASE_STRIP = NO;
				DEBUG_INFORMATION_FORMAT = "dwarf-with-dsym";
				ENABLE_NS_ASSERTIONS = NO;
				ENABLE_STRICT_OBJC_MSGSEND = YES;
				GCC_C_LANGUAGE_STANDARD = gnu99;
				GCC_NO_COMMON_BLOCKS = YES;
				GCC_WARN_64_TO_32_BIT_CONVERSION = YES;
				GCC_WARN_ABOUT_RETURN_TYPE = YES_ERROR;
				GCC_WARN_UNDECLARED_SELECTOR = YES;
				GCC_WARN_UNINITIALIZED_AUTOS = YES_AGGRESSIVE;
				GCC_WARN_UNUSED_FUNCTION = YES;
				GCC_WARN_UNUSED_VARIABLE = YES;
				MACOSX_DEPLOYMENT_TARGET = 10.12;
				MTL_ENABLE_DEBUG_INFO = NO;
				SDKROOT = macosx;
			};
			name = Release;
		};
		A366EAF71E7B3F7A003B4973 /* Debug */ = {
			isa = XCBuildConfiguration;
			buildSettings = {
				PRODUCT_NAME = "$(TARGET_NAME)";
			};
			name = Debug;
		};
		A366EAF81E7B3F7A003B4973 /* Release */ = {
			isa = XCBuildConfiguration;
			buildSettings = {
				PRODUCT_NAME = "$(TARGET_NAME)";
			};
			name = Release;
		};
/* End XCBuildConfiguration section */

/* Begin XCConfigurationList section */
		A366EAEA1E7B3F7A003B4973 /* Build configuration list for PBXProject "extended-kalman-filter" */ = {
			isa = XCConfigurationList;
			buildConfigurations = (
				A366EAF41E7B3F7A003B4973 /* Debug */,
				A366EAF51E7B3F7A003B4973 /* Release */,
			);
			defaultConfigurationIsVisible = 0;
			defaultConfigurationName = Release;
		};
		A366EAF61E7B3F7A003B4973 /* Build configuration list for PBXNativeTarget "extended-kalman-filter" */ = {
			isa = XCConfigurationList;
			buildConfigurations = (
				A366EAF71E7B3F7A003B4973 /* Debug */,
				A366EAF81E7B3F7A003B4973 /* Release */,
			);
			defaultConfigurationIsVisible = 0;
		};
/* End XCConfigurationList section */
	};
	rootObject = A366EAE71E7B3F7A003B4973 /* Project object */;
}
